<?xml version="1.0" encoding="utf-8"?>
<Project ToolsVersion="4.0" xmlns="http://schemas.microsoft.com/developer/msbuild/2003">
  <ItemGroup>
    <Filter Include="Source Files">
      <UniqueIdentifier>{4FC737F1-C7A5-4376-A066-2A32D752A2FF}</UniqueIdentifier>
      <Extensions>cpp;c;cc;cxx;def;odl;idl;hpj;bat;asm;asmx</Extensions>
    </Filter>
    <Filter Include="Header Files">
      <UniqueIdentifier>{93995380-89BD-4b04-88EB-625FBE52EBFB}</UniqueIdentifier>
      <Extensions>h;hh;hpp;hxx;hm;inl;inc;xsd</Extensions>
    </Filter>
    <Filter Include="Zlib">
      <UniqueIdentifier>{95671fc6-8aaf-4f10-9b5d-4af6e7de4b79}</UniqueIdentifier>
    </Filter>
    <Filter Include="AES">
      <UniqueIdentifier>{a41d606c-337c-4c8f-aa15-65aafd88063d}</UniqueIdentifier>
    </Filter>
    <Filter Include="BZip">
      <UniqueIdentifier>{fa8c9130-e0d5-4563-a4dc-bb3b0668d94c}</UniqueIdentifier>
    </Filter>
  </ItemGroup>
  <ItemGroup>
    <ClCompile Include="..\..\..\zutil.c">
      <Filter>Zlib</Filter>
    </ClCompile>
    <ClCompile Include="..\..\..\trees.c">
      <Filter>Zlib</Filter>
    </ClCompile>
    <ClCompile Include="..\..\..\inftrees.c">
      <Filter>Zlib</Filter>
    </ClCompile>
    <ClCompile Include="..\..\..\inflate.c">
      <Filter>Zlib</Filter>
    </ClCompile>
    <ClCompile Include="..\..\..\inffast.c">
      <Filter>Zlib</Filter>
    </ClCompile>
    <ClCompile Include="..\..\..\infback.c">
      <Filter>Zlib</Filter>
    </ClCompile>
    <ClCompile Include="..\..\..\adler32.c">
      <Filter>Zlib</Filter>
    </ClCompile>
    <ClCompile Include="..\..\..\compress.c">
      <Filter>Zlib</Filter>
    </ClCompile>
    <ClCompile Include="..\..\..\crc32.c">
      <Filter>Zlib</Filter>
    </ClCompile>
    <ClCompile Include="..\..\..\deflate.c">
      <Filter>Zlib</Filter>
    </ClCompile>
    <ClCompile Include="..\..\..\uncompr.c">
      <Filter>Zlib</Filter>
    </ClCompile>
    <ClCompile Include="..\lib\aes\aes_ni.c">
      <Filter>AES</Filter>
    </ClCompile>
    <ClCompile Include="..\lib\aes\aescrypt.c">
      <Filter>AES</Filter>
    </ClCompile>
    <ClCompile Include="..\lib\aes\aeskey.c">
      <Filter>AES</Filter>
    </ClCompile>
    <ClCompile Include="..\lib\aes\aestab.c">
      <Filter>AES</Filter>
    </ClCompile>
    <ClCompile Include="..\lib\aes\fileenc.c">
      <Filter>AES</Filter>
    </ClCompile>
    <ClCompile Include="..\lib\aes\hmac.c">
      <Filter>AES</Filter>
    </ClCompile>
    <ClCompile Include="..\lib\aes\pwd2key.c">
      <Filter>AES</Filter>
    </ClCompile>
    <ClCompile Include="..\lib\aes\sha1.c">
      <Filter>AES</Filter>
    </ClCompile>
    <ClCompile Include="..\lib\bzip2\blocksort.c">
      <Filter>BZip</Filter>
    </ClCompile>
    <ClCompile Include="..\lib\bzip2\huffman.c">
      <Filter>BZip</Filter>
    </ClCompile>
    <ClCompile Include="..\lib\bzip2\randtable.c">
      <Filter>BZip</Filter>
    </ClCompile>
    <ClCompile Include="..\lib\bzip2\bzlib.c">
      <Filter>BZip</Filter>
    </ClCompile>
    <ClCompile Include="..\test.c">
      <Filter>Source Files</Filter>
    </ClCompile>
    <ClCompile Include="..\lib\bzip2\crctable.c">
      <Filter>BZip</Filter>
    </ClCompile>
    <ClCompile Include="..\lib\bzip2\compress.c">
      <Filter>BZip</Filter>
    </ClCompile>
    <ClCompile Include="..\lib\bzip2\decompress.c">
      <Filter>BZip</Filter>
    </ClCompile>
    <ClCompile Include="..\mz_strm.c">
      <Filter>Source Files</Filter>
    </ClCompile>
    <ClCompile Include="..\mz_strm_aes.c">
      <Filter>Source Files</Filter>
    </ClCompile>
    <ClCompile Include="..\mz_strm_buf.c">
      <Filter>Source Files</Filter>
    </ClCompile>
    <ClCompile Include="..\mz_strm_bzip.c">
      <Filter>Source Files</Filter>
    </ClCompile>
    <ClCompile Include="..\mz_strm_crypt.c">
      <Filter>Source Files</Filter>
    </ClCompile>
    <ClCompile Include="..\mz_strm_lzma.c">
      <Filter>Source Files</Filter>
    </ClCompile>
    <ClCompile Include="..\mz_strm_mem.c">
      <Filter>Source Files</Filter>
    </ClCompile>
    <ClCompile Include="..\mz_strm_posix.c">
      <Filter>Source Files</Filter>
    </ClCompile>
    <ClCompile Include="..\mz_strm_win32.c">
      <Filter>Source Files</Filter>
    </ClCompile>
    <ClCompile Include="..\mz_strm_zlib.c">
      <Filter>Source Files</Filter>
    </ClCompile>
    <ClCompile Include="..\mz_unzip.c">
      <Filter>Source Files</Filter>
    </ClCompile>
    <ClCompile Include="..\mz_zip.c">
      <Filter>Source Files</Filter>
    </ClCompile>
  </ItemGroup>
  <ItemGroup>
    <ClInclude Include="..\..\inffixed.h">
      <Filter>Zlib</Filter>
    </ClInclude>
    <ClInclude Include="..\..\..\trees.h">
      <Filter>Zlib</Filter>
    </ClInclude>
    <ClInclude Include="..\..\..\zconf.h">
      <Filter>Zlib</Filter>
    </ClInclude>
    <ClInclude Include="..\..\..\zlib.h">
      <Filter>Zlib</Filter>
    </ClInclude>
    <ClInclude Include="..\..\..\zutil.h">
      <Filter>Zlib</Filter>
    </ClInclude>
    <ClInclude Include="..\..\..\inftrees.h">
      <Filter>Zlib</Filter>
    </ClInclude>
    <ClInclude Include="..\..\..\inflate.h">
      <Filter>Zlib</Filter>
    </ClInclude>
    <ClInclude Include="..\..\..\inffast.h">
      <Filter>Zlib</Filter>
    </ClInclude>
    <ClInclude Include="..\..\..\deflate.h">
      <Filter>Zlib</Filter>
    </ClInclude>
    <ClInclude Include="..\..\..\crc32.h">
      <Filter>Zlib</Filter>
    </ClInclude>
    <ClInclude Include="..\lib\aes\aes.h">
      <Filter>AES</Filter>
    </ClInclude>
    <ClInclude Include="..\lib\aes\aes_ni.h">
      <Filter>AES</Filter>
    </ClInclude>
    <ClInclude Include="..\lib\aes\aesopt.h">
      <Filter>AES</Filter>
    </ClInclude>
    <ClInclude Include="..\lib\aes\aestab.h">
      <Filter>AES</Filter>
    </ClInclude>
    <ClInclude Include="..\lib\aes\brg_endian.h">
      <Filter>AES</Filter>
    </ClInclude>
    <ClInclude Include="..\lib\aes\brg_types.h">
      <Filter>AES</Filter>
    </ClInclude>
    <ClInclude Include="..\lib\aes\fileenc.h">
      <Filter>AES</Filter>
    </ClInclude>
    <ClInclude Include="..\lib\aes\hmac.h">
      <Filter>AES</Filter>
    </ClInclude>
    <ClInclude Include="..\lib\aes\pwd2key.h">
      <Filter>AES</Filter>
    </ClInclude>
    <ClInclude Include="..\lib\aes\sha1.h">
      <Filter>AES</Filter>
    </ClInclude>
    <ClInclude Include="..\lib\bzip2\bzlib.h">
      <Filter>BZip</Filter>
    </ClInclude>
    <ClInclude Include="..\test.h">
      <Filter>Header Files</Filter>
    </ClInclude>
    <ClInclude Include="..\lib\bzip2\bzlib_private.h">
      <Filter>BZip</Filter>
    </ClInclude>
    <ClInclude Include="..\mz_strm.h">
      <Filter>Header Files</Filter>
    </ClInclude>
    <ClInclude Include="..\mz_strm_aes.h">
      <Filter>Header Files</Filter>
    </ClInclude>
    <ClInclude Include="..\mz_strm_buf.h">
      <Filter>Header Files</Filter>
    </ClInclude>
    <ClInclude Include="..\mz_strm_bzip.h">
      <Filter>Header Files</Filter>
    </ClInclude>
    <ClInclude Include="..\mz_strm_crypt.h">
      <Filter>Header Files</Filter>
    </ClInclude>
    <ClInclude Include="..\mz_strm_lzma.h">
      <Filter>Header Files</Filter>
    </ClInclude>
    <ClInclude Include="..\mz_strm_mem.h">
      <Filter>Header Files</Filter>
    </ClInclude>
    <ClInclude Include="..\mz_strm_posix.h">
      <Filter>Header Files</Filter>
    </ClInclude>
    <ClInclude Include="..\mz_strm_win32.h">
      <Filter>Header Files</Filter>
    </ClInclude>
    <ClInclude Include="..\mz_strm_zlib.h">
      <Filter>Header Files</Filter>
    </ClInclude>
    <ClInclude Include="..\mz_unzip.h">
      <Filter>Header Files</Filter>
    </ClInclude>
    <ClInclude Include="..\mz_zip.h">
      <Filter>Header Files</Filter>
    </ClInclude>
  </ItemGroup>
</Project>