// !$*UTF8*$!
{
	archiveVersion = 1;
	classes = {
	};
	objectVersion = 46;
	objects = {

/* Begin PBXBuildFile section */
		6938182A1E90E04B0045C821 /* miniunz.c in Sources */ = {isa = PBXBuildFile; fileRef = 693818291E90E04A0045C821 /* miniunz.c */; };
		6938182C1E90E0560045C821 /* minizip.c in Sources */ = {isa = PBXBuildFile; fileRef = 6938182B1E90E0560045C821 /* minizip.c */; };
		6938182F1E90E0F70045C821 /* libz.tbd in Frameworks */ = {isa = PBXBuildFile; fileRef = 6938182E1E90E0F70045C821 /* libz.tbd */; };
		693818301E90E0FE0045C821 /* libz.tbd in Frameworks */ = {isa = PBXBuildFile; fileRef = 6938182E1E90E0F70045C821 /* libz.tbd */; };
		693818351E90E1930045C821 /* liblibminizip.a in Frameworks */ = {isa = PBXBuildFile; fileRef = 693817A21E90DEA40045C821 /* liblibminizip.a */; };
		6938183A1E90E2AF0045C821 /* liblibminizip.a in Frameworks */ = {isa = PBXBuildFile; fileRef = 693817A21E90DEA40045C821 /* liblibminizip.a */; };
		D81CA9221F8600CA00417286 /* mz_strm_aes.c in Sources */ = {isa = PBXBuildFile; fileRef = D81CA9081F8600CA00417286 /* mz_strm_aes.c */; };
		D81CA9231F8600CA00417286 /* mz_strm_aes.h in Headers */ = {isa = PBXBuildFile; fileRef = D81CA9091F8600CA00417286 /* mz_strm_aes.h */; };
		D81CA9241F8600CA00417286 /* mz_strm_buf.c in Sources */ = {isa = PBXBuildFile; fileRef = D81CA90A1F8600CA00417286 /* mz_strm_buf.c */; };
		D81CA9251F8600CA00417286 /* mz_strm_buf.h in Headers */ = {isa = PBXBuildFile; fileRef = D81CA90B1F8600CA00417286 /* mz_strm_buf.h */; };
		D81CA9261F8600CA00417286 /* mz_strm_bzip.c in Sources */ = {isa = PBXBuildFile; fileRef = D81CA90C1F8600CA00417286 /* mz_strm_bzip.c */; };
		D81CA9271F8600CA00417286 /* mz_strm_bzip.h in Headers */ = {isa = PBXBuildFile; fileRef = D81CA90D1F8600CA00417286 /* mz_strm_bzip.h */; };
		D81CA9281F8600CA00417286 /* mz_strm_crypt.c in Sources */ = {isa = PBXBuildFile; fileRef = D81CA90E1F8600CA00417286 /* mz_strm_crypt.c */; };
		D81CA9291F8600CA00417286 /* mz_strm_crypt.h in Headers */ = {isa = PBXBuildFile; fileRef = D81CA90F1F8600CA00417286 /* mz_strm_crypt.h */; };
		D81CA92A1F8600CA00417286 /* mz_strm_lzma.c in Sources */ = {isa = PBXBuildFile; fileRef = D81CA9101F8600CA00417286 /* mz_strm_lzma.c */; };
		D81CA92B1F8600CA00417286 /* mz_strm_lzma.h in Headers */ = {isa = PBXBuildFile; fileRef = D81CA9111F8600CA00417286 /* mz_strm_lzma.h */; };
		D81CA92C1F8600CA00417286 /* mz_strm_mem.c in Sources */ = {isa = PBXBuildFile; fileRef = D81CA9121F8600CA00417286 /* mz_strm_mem.c */; };
		D81CA92D1F8600CA00417286 /* mz_strm_mem.h in Headers */ = {isa = PBXBuildFile; fileRef = D81CA9131F8600CA00417286 /* mz_strm_mem.h */; };
		D81CA92E1F8600CA00417286 /* mz_strm_posix.c in Sources */ = {isa = PBXBuildFile; fileRef = D81CA9141F8600CA00417286 /* mz_strm_posix.c */; };
		D81CA92F1F8600CA00417286 /* mz_strm_posix.h in Headers */ = {isa = PBXBuildFile; fileRef = D81CA9151F8600CA00417286 /* mz_strm_posix.h */; };
		D81CA9321F8600CA00417286 /* mz_strm_zlib.c in Sources */ = {isa = PBXBuildFile; fileRef = D81CA9181F8600CA00417286 /* mz_strm_zlib.c */; };
		D81CA9331F8600CA00417286 /* mz_strm_zlib.h in Headers */ = {isa = PBXBuildFile; fileRef = D81CA9191F8600CA00417286 /* mz_strm_zlib.h */; };
		D81CA9341F8600CA00417286 /* mz_strm.c in Sources */ = {isa = PBXBuildFile; fileRef = D81CA91A1F8600CA00417286 /* mz_strm.c */; };
		D81CA9351F8600CA00417286 /* mz_strm.h in Headers */ = {isa = PBXBuildFile; fileRef = D81CA91B1F8600CA00417286 /* mz_strm.h */; };
		D81CA9361F8600CA00417286 /* mz_unzip.c in Sources */ = {isa = PBXBuildFile; fileRef = D81CA91C1F8600CA00417286 /* mz_unzip.c */; };
		D81CA9371F8600CA00417286 /* mz_unzip.h in Headers */ = {isa = PBXBuildFile; fileRef = D81CA91D1F8600CA00417286 /* mz_unzip.h */; };
		D81CA9381F8600CA00417286 /* mz_zip.c in Sources */ = {isa = PBXBuildFile; fileRef = D81CA91E1F8600CA00417286 /* mz_zip.c */; };
		D81CA9391F8600CA00417286 /* mz_zip.h in Headers */ = {isa = PBXBuildFile; fileRef = D81CA91F1F8600CA00417286 /* mz_zip.h */; };
		D81CA93A1F8600CA00417286 /* test.c in Sources */ = {isa = PBXBuildFile; fileRef = D81CA9201F8600CA00417286 /* test.c */; };
		D81CA93B1F8600CA00417286 /* test.h in Headers */ = {isa = PBXBuildFile; fileRef = D81CA9211F8600CA00417286 /* test.h */; };
		D81CA94E1F8600E800417286 /* aes_ni.c in Sources */ = {isa = PBXBuildFile; fileRef = D81CA93C1F8600E800417286 /* aes_ni.c */; };
		D81CA94F1F8600E800417286 /* aes_ni.h in Headers */ = {isa = PBXBuildFile; fileRef = D81CA93D1F8600E800417286 /* aes_ni.h */; };
		D81CA9501F8600E800417286 /* aes.h in Headers */ = {isa = PBXBuildFile; fileRef = D81CA93E1F8600E800417286 /* aes.h */; };
		D81CA9511F8600E800417286 /* aescrypt.c in Sources */ = {isa = PBXBuildFile; fileRef = D81CA93F1F8600E800417286 /* aescrypt.c */; };
		D81CA9521F8600E800417286 /* aeskey.c in Sources */ = {isa = PBXBuildFile; fileRef = D81CA9401F8600E800417286 /* aeskey.c */; };
		D81CA9531F8600E800417286 /* aesopt.h in Headers */ = {isa = PBXBuildFile; fileRef = D81CA9411F8600E800417286 /* aesopt.h */; };
		D81CA9541F8600E800417286 /* aestab.c in Sources */ = {isa = PBXBuildFile; fileRef = D81CA9421F8600E800417286 /* aestab.c */; };
		D81CA9551F8600E800417286 /* aestab.h in Headers */ = {isa = PBXBuildFile; fileRef = D81CA9431F8600E800417286 /* aestab.h */; };
		D81CA9561F8600E800417286 /* brg_endian.h in Headers */ = {isa = PBXBuildFile; fileRef = D81CA9441F8600E800417286 /* brg_endian.h */; };
		D81CA9571F8600E800417286 /* brg_types.h in Headers */ = {isa = PBXBuildFile; fileRef = D81CA9451F8600E800417286 /* brg_types.h */; };
		D81CA9581F8600E800417286 /* fileenc.c in Sources */ = {isa = PBXBuildFile; fileRef = D81CA9461F8600E800417286 /* fileenc.c */; };
		D81CA9591F8600E800417286 /* fileenc.h in Headers */ = {isa = PBXBuildFile; fileRef = D81CA9471F8600E800417286 /* fileenc.h */; };
		D81CA95A1F8600E800417286 /* hmac.c in Sources */ = {isa = PBXBuildFile; fileRef = D81CA9481F8600E800417286 /* hmac.c */; };
		D81CA95B1F8600E800417286 /* hmac.h in Headers */ = {isa = PBXBuildFile; fileRef = D81CA9491F8600E800417286 /* hmac.h */; };
		D81CA95C1F8600E800417286 /* pwd2key.c in Sources */ = {isa = PBXBuildFile; fileRef = D81CA94A1F8600E800417286 /* pwd2key.c */; };
		D81CA95D1F8600E800417286 /* pwd2key.h in Headers */ = {isa = PBXBuildFile; fileRef = D81CA94B1F8600E800417286 /* pwd2key.h */; };
		D81CA95E1F8600E800417286 /* sha1.c in Sources */ = {isa = PBXBuildFile; fileRef = D81CA94C1F8600E800417286 /* sha1.c */; };
		D81CA95F1F8600E800417286 /* sha1.h in Headers */ = {isa = PBXBuildFile; fileRef = D81CA94D1F8600E800417286 /* sha1.h */; };
		D81CA96B1F8600FB00417286 /* blocksort.c in Sources */ = {isa = PBXBuildFile; fileRef = D81CA9611F8600FB00417286 /* blocksort.c */; };
		D81CA96C1F8600FB00417286 /* bzlib_private.h in Headers */ = {isa = PBXBuildFile; fileRef = D81CA9621F8600FB00417286 /* bzlib_private.h */; };
		D81CA96D1F8600FB00417286 /* bzlib.c in Sources */ = {isa = PBXBuildFile; fileRef = D81CA9631F8600FB00417286 /* bzlib.c */; };
		D81CA96E1F8600FB00417286 /* bzlib.h in Headers */ = {isa = PBXBuildFile; fileRef = D81CA9641F8600FB00417286 /* bzlib.h */; };
		D81CA96F1F8600FB00417286 /* compress.c in Sources */ = {isa = PBXBuildFile; fileRef = D81CA9651F8600FB00417286 /* compress.c */; };
		D81CA9701F8600FB00417286 /* crctable.c in Sources */ = {isa = PBXBuildFile; fileRef = D81CA9661F8600FB00417286 /* crctable.c */; };
		D81CA9711F8600FB00417286 /* decompress.c in Sources */ = {isa = PBXBuildFile; fileRef = D81CA9671F8600FB00417286 /* decompress.c */; };
		D81CA9721F8600FB00417286 /* huffman.c in Sources */ = {isa = PBXBuildFile; fileRef = D81CA9681F8600FB00417286 /* huffman.c */; };
		D81CA9731F8600FB00417286 /* mk251.c in Sources */ = {isa = PBXBuildFile; fileRef = D81CA9691F8600FB00417286 /* mk251.c */; };
		D81CA9741F8600FB00417286 /* randtable.c in Sources */ = {isa = PBXBuildFile; fileRef = D81CA96A1F8600FB00417286 /* randtable.c */; };
		D81CA9C61F8605F200417286 /* check.c in Sources */ = {isa = PBXBuildFile; fileRef = D81CA9BE1F8605F200417286 /* check.c */; };
		D81CA9C71F8605F200417286 /* check.h in Headers */ = {isa = PBXBuildFile; fileRef = D81CA9BF1F8605F200417286 /* check.h */; };
		D81CA9C81F8605F200417286 /* crc_macros.h in Headers */ = {isa = PBXBuildFile; fileRef = D81CA9C01F8605F200417286 /* crc_macros.h */; };
		D81CA9C91F8605F200417286 /* crc32_fast.c in Sources */ = {isa = PBXBuildFile; fileRef = D81CA9C11F8605F200417286 /* crc32_fast.c */; };
		D81CA9CB1F8605F200417286 /* crc32_table_be.h in Headers */ = {isa = PBXBuildFile; fileRef = D81CA9C31F8605F200417286 /* crc32_table_be.h */; };
		D81CA9CC1F8605F200417286 /* crc32_table_le.h in Headers */ = {isa = PBXBuildFile; fileRef = D81CA9C41F8605F200417286 /* crc32_table_le.h */; };
		D81CA9CD1F8605F200417286 /* crc32_table.c in Sources */ = {isa = PBXBuildFile; fileRef = D81CA9C51F8605F200417286 /* crc32_table.c */; };
		D81CA9DD1F86060100417286 /* base.h in Headers */ = {isa = PBXBuildFile; fileRef = D81CA9CF1F86060100417286 /* base.h */; };
		D81CA9DE1F86060100417286 /* bcj.h in Headers */ = {isa = PBXBuildFile; fileRef = D81CA9D01F86060100417286 /* bcj.h */; };
		D81CA9DF1F86060100417286 /* block.h in Headers */ = {isa = PBXBuildFile; fileRef = D81CA9D11F86060100417286 /* block.h */; };
		D81CA9E01F86060100417286 /* check.h in Headers */ = {isa = PBXBuildFile; fileRef = D81CA9D21F86060100417286 /* check.h */; };
		D81CA9E11F86060100417286 /* container.h in Headers */ = {isa = PBXBuildFile; fileRef = D81CA9D31F86060100417286 /* container.h */; };
		D81CA9E21F86060100417286 /* delta.h in Headers */ = {isa = PBXBuildFile; fileRef = D81CA9D41F86060100417286 /* delta.h */; };
		D81CA9E31F86060100417286 /* filter.h in Headers */ = {isa = PBXBuildFile; fileRef = D81CA9D51F86060100417286 /* filter.h */; };
		D81CA9E41F86060100417286 /* hardware.h in Headers */ = {isa = PBXBuildFile; fileRef = D81CA9D61F86060100417286 /* hardware.h */; };
		D81CA9E51F86060100417286 /* index_hash.h in Headers */ = {isa = PBXBuildFile; fileRef = D81CA9D71F86060100417286 /* index_hash.h */; };
		D81CA9E61F86060100417286 /* index.h in Headers */ = {isa = PBXBuildFile; fileRef = D81CA9D81F86060100417286 /* index.h */; };
		D81CA9E71F86060100417286 /* lzma12.h in Headers */ = {isa = PBXBuildFile; fileRef = D81CA9D91F86060100417286 /* lzma12.h */; };
		D81CA9E81F86060100417286 /* stream_flags.h in Headers */ = {isa = PBXBuildFile; fileRef = D81CA9DA1F86060100417286 /* stream_flags.h */; };
		D81CA9E91F86060100417286 /* version.h in Headers */ = {isa = PBXBuildFile; fileRef = D81CA9DB1F86060100417286 /* version.h */; };
		D81CA9EA1F86060100417286 /* vli.h in Headers */ = {isa = PBXBuildFile; fileRef = D81CA9DC1F86060100417286 /* vli.h */; };
		D81CA9EC1F86060B00417286 /* lzma.h in Headers */ = {isa = PBXBuildFile; fileRef = D81CA9EB1F86060B00417286 /* lzma.h */; };
		D81CAA391F86062500417286 /* alone_decoder.c in Sources */ = {isa = PBXBuildFile; fileRef = D81CA9EE1F86062500417286 /* alone_decoder.c */; };
		D81CAA3A1F86062500417286 /* alone_decoder.h in Headers */ = {isa = PBXBuildFile; fileRef = D81CA9EF1F86062500417286 /* alone_decoder.h */; };
		D81CAA3B1F86062500417286 /* alone_encoder.c in Sources */ = {isa = PBXBuildFile; fileRef = D81CA9F01F86062500417286 /* alone_encoder.c */; };
		D81CAA3C1F86062500417286 /* auto_decoder.c in Sources */ = {isa = PBXBuildFile; fileRef = D81CA9F11F86062500417286 /* auto_decoder.c */; };
		D81CAA3D1F86062500417286 /* block_buffer_decoder.c in Sources */ = {isa = PBXBuildFile; fileRef = D81CA9F21F86062500417286 /* block_buffer_decoder.c */; };
		D81CAA3E1F86062500417286 /* block_buffer_encoder.c in Sources */ = {isa = PBXBuildFile; fileRef = D81CA9F31F86062500417286 /* block_buffer_encoder.c */; };
		D81CAA3F1F86062500417286 /* block_buffer_encoder.h in Headers */ = {isa = PBXBuildFile; fileRef = D81CA9F41F86062500417286 /* block_buffer_encoder.h */; };
		D81CAA401F86062500417286 /* block_decoder.c in Sources */ = {isa = PBXBuildFile; fileRef = D81CA9F51F86062500417286 /* block_decoder.c */; };
		D81CAA411F86062500417286 /* block_decoder.h in Headers */ = {isa = PBXBuildFile; fileRef = D81CA9F61F86062500417286 /* block_decoder.h */; };
		D81CAA421F86062500417286 /* block_encoder.c in Sources */ = {isa = PBXBuildFile; fileRef = D81CA9F71F86062500417286 /* block_encoder.c */; };
		D81CAA431F86062500417286 /* block_encoder.h in Headers */ = {isa = PBXBuildFile; fileRef = D81CA9F81F86062500417286 /* block_encoder.h */; };
		D81CAA441F86062500417286 /* block_header_decoder.c in Sources */ = {isa = PBXBuildFile; fileRef = D81CA9F91F86062500417286 /* block_header_decoder.c */; };
		D81CAA451F86062500417286 /* block_header_encoder.c in Sources */ = {isa = PBXBuildFile; fileRef = D81CA9FA1F86062500417286 /* block_header_encoder.c */; };
		D81CAA461F86062500417286 /* block_util.c in Sources */ = {isa = PBXBuildFile; fileRef = D81CA9FB1F86062500417286 /* block_util.c */; };
		D81CAA471F86062500417286 /* common.c in Sources */ = {isa = PBXBuildFile; fileRef = D81CA9FC1F86062500417286 /* common.c */; };
		D81CAA481F86062500417286 /* common.h in Headers */ = {isa = PBXBuildFile; fileRef = D81CA9FD1F86062500417286 /* common.h */; };
		D81CAA491F86062500417286 /* easy_buffer_encoder.c in Sources */ = {isa = PBXBuildFile; fileRef = D81CA9FE1F86062500417286 /* easy_buffer_encoder.c */; };
		D81CAA4A1F86062500417286 /* easy_decoder_memusage.c in Sources */ = {isa = PBXBuildFile; fileRef = D81CA9FF1F86062500417286 /* easy_decoder_memusage.c */; };
		D81CAA4B1F86062500417286 /* easy_encoder_memusage.c in Sources */ = {isa = PBXBuildFile; fileRef = D81CAA001F86062500417286 /* easy_encoder_memusage.c */; };
		D81CAA4C1F86062500417286 /* easy_encoder.c in Sources */ = {isa = PBXBuildFile; fileRef = D81CAA011F86062500417286 /* easy_encoder.c */; };
		D81CAA4D1F86062500417286 /* easy_preset.c in Sources */ = {isa = PBXBuildFile; fileRef = D81CAA021F86062500417286 /* easy_preset.c */; };
		D81CAA4E1F86062500417286 /* easy_preset.h in Headers */ = {isa = PBXBuildFile; fileRef = D81CAA031F86062500417286 /* easy_preset.h */; };
		D81CAA4F1F86062500417286 /* filter_buffer_decoder.c in Sources */ = {isa = PBXBuildFile; fileRef = D81CAA041F86062500417286 /* filter_buffer_decoder.c */; };
		D81CAA501F86062500417286 /* filter_buffer_encoder.c in Sources */ = {isa = PBXBuildFile; fileRef = D81CAA051F86062500417286 /* filter_buffer_encoder.c */; };
		D81CAA511F86062500417286 /* filter_common.c in Sources */ = {isa = PBXBuildFile; fileRef = D81CAA061F86062500417286 /* filter_common.c */; };
		D81CAA521F86062500417286 /* filter_common.h in Headers */ = {isa = PBXBuildFile; fileRef = D81CAA071F86062500417286 /* filter_common.h */; };
		D81CAA531F86062500417286 /* filter_decoder.c in Sources */ = {isa = PBXBuildFile; fileRef = D81CAA081F86062500417286 /* filter_decoder.c */; };
		D81CAA541F86062500417286 /* filter_decoder.h in Headers */ = {isa = PBXBuildFile; fileRef = D81CAA091F86062500417286 /* filter_decoder.h */; };
		D81CAA551F86062500417286 /* filter_encoder.c in Sources */ = {isa = PBXBuildFile; fileRef = D81CAA0A1F86062500417286 /* filter_encoder.c */; };
		D81CAA561F86062500417286 /* filter_encoder.h in Headers */ = {isa = PBXBuildFile; fileRef = D81CAA0B1F86062500417286 /* filter_encoder.h */; };
		D81CAA571F86062500417286 /* filter_flags_decoder.c in Sources */ = {isa = PBXBuildFile; fileRef = D81CAA0C1F86062500417286 /* filter_flags_decoder.c */; };
		D81CAA581F86062500417286 /* filter_flags_encoder.c in Sources */ = {isa = PBXBuildFile; fileRef = D81CAA0D1F86062500417286 /* filter_flags_encoder.c */; };
		D81CAA591F86062500417286 /* hardware_cputhreads.c in Sources */ = {isa = PBXBuildFile; fileRef = D81CAA0E1F86062500417286 /* hardware_cputhreads.c */; };
		D81CAA5A1F86062500417286 /* hardware_physmem.c in Sources */ = {isa = PBXBuildFile; fileRef = D81CAA0F1F86062500417286 /* hardware_physmem.c */; };
		D81CAA5B1F86062500417286 /* index_decoder.c in Sources */ = {isa = PBXBuildFile; fileRef = D81CAA101F86062500417286 /* index_decoder.c */; };
		D81CAA5C1F86062500417286 /* index_encoder.c in Sources */ = {isa = PBXBuildFile; fileRef = D81CAA111F86062500417286 /* index_encoder.c */; };
		D81CAA5D1F86062500417286 /* index_encoder.h in Headers */ = {isa = PBXBuildFile; fileRef = D81CAA121F86062500417286 /* index_encoder.h */; };
		D81CAA5E1F86062500417286 /* index_hash.c in Sources */ = {isa = PBXBuildFile; fileRef = D81CAA131F86062500417286 /* index_hash.c */; };
		D81CAA5F1F86062500417286 /* index.c in Sources */ = {isa = PBXBuildFile; fileRef = D81CAA141F86062500417286 /* index.c */; };
		D81CAA601F86062500417286 /* index.h in Headers */ = {isa = PBXBuildFile; fileRef = D81CAA151F86062500417286 /* index.h */; };
		D81CAA611F86062500417286 /* memcmplen.h in Headers */ = {isa = PBXBuildFile; fileRef = D81CAA161F86062500417286 /* memcmplen.h */; };
		D81CAA621F86062500417286 /* mythread.h in Headers */ = {isa = PBXBuildFile; fileRef = D81CAA171F86062500417286 /* mythread.h */; };
		D81CAA631F86062500417286 /* outqueue.c in Sources */ = {isa = PBXBuildFile; fileRef = D81CAA181F86062500417286 /* outqueue.c */; };
		D81CAA641F86062500417286 /* outqueue.h in Headers */ = {isa = PBXBuildFile; fileRef = D81CAA191F86062500417286 /* outqueue.h */; };
		D81CAA651F86062500417286 /* stream_buffer_decoder.c in Sources */ = {isa = PBXBuildFile; fileRef = D81CAA1A1F86062500417286 /* stream_buffer_decoder.c */; };
		D81CAA661F86062500417286 /* stream_buffer_encoder.c in Sources */ = {isa = PBXBuildFile; fileRef = D81CAA1B1F86062500417286 /* stream_buffer_encoder.c */; };
		D81CAA671F86062500417286 /* stream_decoder.c in Sources */ = {isa = PBXBuildFile; fileRef = D81CAA1C1F86062500417286 /* stream_decoder.c */; };
		D81CAA681F86062500417286 /* stream_decoder.h in Headers */ = {isa = PBXBuildFile; fileRef = D81CAA1D1F86062500417286 /* stream_decoder.h */; };
		D81CAA691F86062500417286 /* stream_encoder_mt.c in Sources */ = {isa = PBXBuildFile; fileRef = D81CAA1E1F86062500417286 /* stream_encoder_mt.c */; };
		D81CAA6A1F86062500417286 /* stream_encoder.c in Sources */ = {isa = PBXBuildFile; fileRef = D81CAA1F1F86062500417286 /* stream_encoder.c */; };
		D81CAA6B1F86062500417286 /* stream_flags_common.c in Sources */ = {isa = PBXBuildFile; fileRef = D81CAA201F86062500417286 /* stream_flags_common.c */; };
		D81CAA6C1F86062500417286 /* stream_flags_common.h in Headers */ = {isa = PBXBuildFile; fileRef = D81CAA211F86062500417286 /* stream_flags_common.h */; };
		D81CAA6D1F86062500417286 /* stream_flags_decoder.c in Sources */ = {isa = PBXBuildFile; fileRef = D81CAA221F86062500417286 /* stream_flags_decoder.c */; };
		D81CAA6E1F86062500417286 /* stream_flags_encoder.c in Sources */ = {isa = PBXBuildFile; fileRef = D81CAA231F86062500417286 /* stream_flags_encoder.c */; };
		D81CAA6F1F86062500417286 /* sysdefs.h in Headers */ = {isa = PBXBuildFile; fileRef = D81CAA241F86062500417286 /* sysdefs.h */; };
		D81CAA701F86062500417286 /* tuklib_common.h in Headers */ = {isa = PBXBuildFile; fileRef = D81CAA251F86062500417286 /* tuklib_common.h */; };
		D81CAA711F86062500417286 /* tuklib_config.h in Headers */ = {isa = PBXBuildFile; fileRef = D81CAA261F86062500417286 /* tuklib_config.h */; };
		D81CAA721F86062500417286 /* tuklib_cpucores.c in Sources */ = {isa = PBXBuildFile; fileRef = D81CAA271F86062500417286 /* tuklib_cpucores.c */; };
		D81CAA731F86062500417286 /* tuklib_cpucores.h in Headers */ = {isa = PBXBuildFile; fileRef = D81CAA281F86062500417286 /* tuklib_cpucores.h */; };
		D81CAA741F86062500417286 /* tuklib_exit.c in Sources */ = {isa = PBXBuildFile; fileRef = D81CAA291F86062500417286 /* tuklib_exit.c */; };
		D81CAA751F86062500417286 /* tuklib_exit.h in Headers */ = {isa = PBXBuildFile; fileRef = D81CAA2A1F86062500417286 /* tuklib_exit.h */; };
		D81CAA761F86062500417286 /* tuklib_gettext.h in Headers */ = {isa = PBXBuildFile; fileRef = D81CAA2B1F86062500417286 /* tuklib_gettext.h */; };
		D81CAA771F86062500417286 /* tuklib_integer.h in Headers */ = {isa = PBXBuildFile; fileRef = D81CAA2C1F86062500417286 /* tuklib_integer.h */; };
		D81CAA781F86062500417286 /* tuklib_mbstr_fw.c in Sources */ = {isa = PBXBuildFile; fileRef = D81CAA2D1F86062500417286 /* tuklib_mbstr_fw.c */; };
		D81CAA791F86062500417286 /* tuklib_mbstr_width.c in Sources */ = {isa = PBXBuildFile; fileRef = D81CAA2E1F86062500417286 /* tuklib_mbstr_width.c */; };
		D81CAA7A1F86062500417286 /* tuklib_mbstr.h in Headers */ = {isa = PBXBuildFile; fileRef = D81CAA2F1F86062500417286 /* tuklib_mbstr.h */; };
		D81CAA7B1F86062500417286 /* tuklib_open_stdxxx.c in Sources */ = {isa = PBXBuildFile; fileRef = D81CAA301F86062500417286 /* tuklib_open_stdxxx.c */; };
		D81CAA7C1F86062500417286 /* tuklib_open_stdxxx.h in Headers */ = {isa = PBXBuildFile; fileRef = D81CAA311F86062500417286 /* tuklib_open_stdxxx.h */; };
		D81CAA7D1F86062500417286 /* tuklib_physmem.c in Sources */ = {isa = PBXBuildFile; fileRef = D81CAA321F86062500417286 /* tuklib_physmem.c */; };
		D81CAA7E1F86062500417286 /* tuklib_physmem.h in Headers */ = {isa = PBXBuildFile; fileRef = D81CAA331F86062500417286 /* tuklib_physmem.h */; };
		D81CAA7F1F86062500417286 /* tuklib_progname.c in Sources */ = {isa = PBXBuildFile; fileRef = D81CAA341F86062500417286 /* tuklib_progname.c */; };
		D81CAA801F86062500417286 /* tuklib_progname.h in Headers */ = {isa = PBXBuildFile; fileRef = D81CAA351F86062500417286 /* tuklib_progname.h */; };
		D81CAA811F86062500417286 /* vli_decoder.c in Sources */ = {isa = PBXBuildFile; fileRef = D81CAA361F86062500417286 /* vli_decoder.c */; };
		D81CAA821F86062500417286 /* vli_encoder.c in Sources */ = {isa = PBXBuildFile; fileRef = D81CAA371F86062500417286 /* vli_encoder.c */; };
		D81CAA831F86062500417286 /* vli_size.c in Sources */ = {isa = PBXBuildFile; fileRef = D81CAA381F86062500417286 /* vli_size.c */; };
		D81CAA8E1F86064000417286 /* lz_decoder.c in Sources */ = {isa = PBXBuildFile; fileRef = D81CAA871F86064000417286 /* lz_decoder.c */; };
		D81CAA8F1F86064000417286 /* lz_decoder.h in Headers */ = {isa = PBXBuildFile; fileRef = D81CAA881F86064000417286 /* lz_decoder.h */; };
		D81CAA901F86064000417286 /* lz_encoder_hash_table.h in Headers */ = {isa = PBXBuildFile; fileRef = D81CAA891F86064000417286 /* lz_encoder_hash_table.h */; };
		D81CAA911F86064000417286 /* lz_encoder_hash.h in Headers */ = {isa = PBXBuildFile; fileRef = D81CAA8A1F86064000417286 /* lz_encoder_hash.h */; };
		D81CAA921F86064000417286 /* lz_encoder_mf.c in Sources */ = {isa = PBXBuildFile; fileRef = D81CAA8B1F86064000417286 /* lz_encoder_mf.c */; };
		D81CAA931F86064000417286 /* lz_encoder.c in Sources */ = {isa = PBXBuildFile; fileRef = D81CAA8C1F86064000417286 /* lz_encoder.c */; };
		D81CAA941F86064000417286 /* lz_encoder.h in Headers */ = {isa = PBXBuildFile; fileRef = D81CAA8D1F86064000417286 /* lz_encoder.h */; };
		D81CAAA11F86064B00417286 /* fastpos_table.c in Sources */ = {isa = PBXBuildFile; fileRef = D81CAA951F86064B00417286 /* fastpos_table.c */; };
		D81CAAA21F86064B00417286 /* fastpos.h in Headers */ = {isa = PBXBuildFile; fileRef = D81CAA961F86064B00417286 /* fastpos.h */; };
		D81CAAA31F86064B00417286 /* lzma_common.h in Headers */ = {isa = PBXBuildFile; fileRef = D81CAA971F86064B00417286 /* lzma_common.h */; };
		D81CAAA41F86064B00417286 /* lzma_decoder.c in Sources */ = {isa = PBXBuildFile; fileRef = D81CAA981F86064B00417286 /* lzma_decoder.c */; };
		D81CAAA51F86064B00417286 /* lzma_decoder.h in Headers */ = {isa = PBXBuildFile; fileRef = D81CAA991F86064B00417286 /* lzma_decoder.h */; };
		D81CAAA61F86064B00417286 /* lzma_encoder_optimum_fast.c in Sources */ = {isa = PBXBuildFile; fileRef = D81CAA9A1F86064B00417286 /* lzma_encoder_optimum_fast.c */; };
		D81CAAA71F86064B00417286 /* lzma_encoder_optimum_normal.c in Sources */ = {isa = PBXBuildFile; fileRef = D81CAA9B1F86064B00417286 /* lzma_encoder_optimum_normal.c */; };
		D81CAAA81F86064B00417286 /* lzma_encoder_presets.c in Sources */ = {isa = PBXBuildFile; fileRef = D81CAA9C1F86064B00417286 /* lzma_encoder_presets.c */; };
		D81CAAA91F86064B00417286 /* lzma_encoder_private.h in Headers */ = {isa = PBXBuildFile; fileRef = D81CAA9D1F86064B00417286 /* lzma_encoder_private.h */; };
		D81CAAAA1F86064B00417286 /* lzma_encoder.c in Sources */ = {isa = PBXBuildFile; fileRef = D81CAA9E1F86064B00417286 /* lzma_encoder.c */; };
		D81CAAAB1F86064B00417286 /* lzma_encoder.h in Headers */ = {isa = PBXBuildFile; fileRef = D81CAA9F1F86064B00417286 /* lzma_encoder.h */; };
		D81CAAAC1F86064B00417286 /* lzma2_encoder.h in Headers */ = {isa = PBXBuildFile; fileRef = D81CAAA01F86064B00417286 /* lzma2_encoder.h */; };
		D81CAAB31F86066300417286 /* price_table.c in Sources */ = {isa = PBXBuildFile; fileRef = D81CAAAD1F86066300417286 /* price_table.c */; };
		D81CAAB41F86066300417286 /* price_tablegen.c in Sources */ = {isa = PBXBuildFile; fileRef = D81CAAAE1F86066300417286 /* price_tablegen.c */; };
		D81CAAB51F86066300417286 /* price.h in Headers */ = {isa = PBXBuildFile; fileRef = D81CAAAF1F86066300417286 /* price.h */; };
		D81CAAB61F86066300417286 /* range_common.h in Headers */ = {isa = PBXBuildFile; fileRef = D81CAAB01F86066300417286 /* range_common.h */; };
		D81CAAB71F86066300417286 /* range_decoder.h in Headers */ = {isa = PBXBuildFile; fileRef = D81CAAB11F86066300417286 /* range_decoder.h */; };
		D81CAAB81F86066300417286 /* range_encoder.h in Headers */ = {isa = PBXBuildFile; fileRef = D81CAAB21F86066300417286 /* range_encoder.h */; };
		D81CAABA1F8607B500417286 /* config.h in Headers */ = {isa = PBXBuildFile; fileRef = D81CAAB91F8607B500417286 /* config.h */; };
		D81CAABB1F860D2800417286 /* libliblzma.a in Frameworks */ = {isa = PBXBuildFile; fileRef = D81CA9A41F86055F00417286 /* libliblzma.a */; };
		D81CAABC1F860D2F00417286 /* libliblzma.a in Frameworks */ = {isa = PBXBuildFile; fileRef = D81CA9A41F86055F00417286 /* libliblzma.a */; };
/* End PBXBuildFile section */

/* Begin PBXContainerItemProxy section */
		693818331E90E18F0045C821 /* PBXContainerItemProxy */ = {
			isa = PBXContainerItemProxy;
			containerPortal = 6938179A1E90DEA40045C821 /* Project object */;
			proxyType = 1;
			remoteGlobalIDString = 693817A11E90DEA40045C821;
			remoteInfo = minizip;
		};
		693818361E90E19D0045C821 /* PBXContainerItemProxy */ = {
			isa = PBXContainerItemProxy;
			containerPortal = 6938179A1E90DEA40045C821 /* Project object */;
			proxyType = 1;
			remoteGlobalIDString = 693817A11E90DEA40045C821;
			remoteInfo = minizip;
		};
/* End PBXContainerItemProxy section */

/* Begin PBXCopyFilesBuildPhase section */
		693817AE1E90DF490045C821 /* CopyFiles */ = {
			isa = PBXCopyFilesBuildPhase;
			buildActionMask = 2147483647;
			dstPath = /usr/share/man/man1/;
			dstSubfolderSpec = 0;
			files = (
			);
			runOnlyForDeploymentPostprocessing = 1;
		};
		693817B91E90DF550045C821 /* CopyFiles */ = {
			isa = PBXCopyFilesBuildPhase;
			buildActionMask = 2147483647;
			dstPath = /usr/share/man/man1/;
			dstSubfolderSpec = 0;
			files = (
			);
			runOnlyForDeploymentPostprocessing = 1;
		};
/* End PBXCopyFilesBuildPhase section */

/* Begin PBXFileReference section */
		3753D62F1F6CE7E900F946A2 /* Minizip.podspec */ = {isa = PBXFileReference; fileEncoding = 4; lastKnownFileType = text; name = Minizip.podspec; path = ../Minizip.podspec; sourceTree = "<group>"; };
		693817A21E90DEA40045C821 /* liblibminizip.a */ = {isa = PBXFileReference; explicitFileType = archive.ar; includeInIndex = 0; path = liblibminizip.a; sourceTree = BUILT_PRODUCTS_DIR; };
		693817B01E90DF490045C821 /* minizip */ = {isa = PBXFileReference; explicitFileType = "compiled.mach-o.executable"; includeInIndex = 0; path = minizip; sourceTree = BUILT_PRODUCTS_DIR; };
		693817BB1E90DF550045C821 /* miniunz */ = {isa = PBXFileReference; explicitFileType = "compiled.mach-o.executable"; includeInIndex = 0; path = miniunz; sourceTree = BUILT_PRODUCTS_DIR; };
		693818291E90E04A0045C821 /* miniunz.c */ = {isa = PBXFileReference; fileEncoding = 4; lastKnownFileType = sourcecode.c.c; name = miniunz.c; path = ../miniunz.c; sourceTree = SOURCE_ROOT; };
		6938182B1E90E0560045C821 /* minizip.c */ = {isa = PBXFileReference; fileEncoding = 4; lastKnownFileType = sourcecode.c.c; name = minizip.c; path = ../minizip.c; sourceTree = SOURCE_ROOT; };
		6938182E1E90E0F70045C821 /* libz.tbd */ = {isa = PBXFileReference; lastKnownFileType = "sourcecode.text-based-dylib-definition"; name = libz.tbd; path = usr/lib/libz.tbd; sourceTree = SDKROOT; };
		D81CA9081F8600CA00417286 /* mz_strm_aes.c */ = {isa = PBXFileReference; fileEncoding = 4; lastKnownFileType = sourcecode.c.c; name = mz_strm_aes.c; path = ../mz_strm_aes.c; sourceTree = "<group>"; };
		D81CA9091F8600CA00417286 /* mz_strm_aes.h */ = {isa = PBXFileReference; fileEncoding = 4; lastKnownFileType = sourcecode.c.h; name = mz_strm_aes.h; path = ../mz_strm_aes.h; sourceTree = "<group>"; };
		D81CA90A1F8600CA00417286 /* mz_strm_buf.c */ = {isa = PBXFileReference; fileEncoding = 4; lastKnownFileType = sourcecode.c.c; name = mz_strm_buf.c; path = ../mz_strm_buf.c; sourceTree = "<group>"; };
		D81CA90B1F8600CA00417286 /* mz_strm_buf.h */ = {isa = PBXFileReference; fileEncoding = 4; lastKnownFileType = sourcecode.c.h; name = mz_strm_buf.h; path = ../mz_strm_buf.h; sourceTree = "<group>"; };
		D81CA90C1F8600CA00417286 /* mz_strm_bzip.c */ = {isa = PBXFileReference; fileEncoding = 4; lastKnownFileType = sourcecode.c.c; name = mz_strm_bzip.c; path = ../mz_strm_bzip.c; sourceTree = "<group>"; };
		D81CA90D1F8600CA00417286 /* mz_strm_bzip.h */ = {isa = PBXFileReference; fileEncoding = 4; lastKnownFileType = sourcecode.c.h; name = mz_strm_bzip.h; path = ../mz_strm_bzip.h; sourceTree = "<group>"; };
		D81CA90E1F8600CA00417286 /* mz_strm_crypt.c */ = {isa = PBXFileReference; fileEncoding = 4; lastKnownFileType = sourcecode.c.c; name = mz_strm_crypt.c; path = ../mz_strm_crypt.c; sourceTree = "<group>"; };
		D81CA90F1F8600CA00417286 /* mz_strm_crypt.h */ = {isa = PBXFileReference; fileEncoding = 4; lastKnownFileType = sourcecode.c.h; name = mz_strm_crypt.h; path = ../mz_strm_crypt.h; sourceTree = "<group>"; };
		D81CA9101F8600CA00417286 /* mz_strm_lzma.c */ = {isa = PBXFileReference; fileEncoding = 4; lastKnownFileType = sourcecode.c.c; name = mz_strm_lzma.c; path = ../mz_strm_lzma.c; sourceTree = "<group>"; };
		D81CA9111F8600CA00417286 /* mz_strm_lzma.h */ = {isa = PBXFileReference; fileEncoding = 4; lastKnownFileType = sourcecode.c.h; name = mz_strm_lzma.h; path = ../mz_strm_lzma.h; sourceTree = "<group>"; };
		D81CA9121F8600CA00417286 /* mz_strm_mem.c */ = {isa = PBXFileReference; fileEncoding = 4; lastKnownFileType = sourcecode.c.c; name = mz_strm_mem.c; path = ../mz_strm_mem.c; sourceTree = "<group>"; };
		D81CA9131F8600CA00417286 /* mz_strm_mem.h */ = {isa = PBXFileReference; fileEncoding = 4; lastKnownFileType = sourcecode.c.h; name = mz_strm_mem.h; path = ../mz_strm_mem.h; sourceTree = "<group>"; };
		D81CA9141F8600CA00417286 /* mz_strm_posix.c */ = {isa = PBXFileReference; fileEncoding = 4; lastKnownFileType = sourcecode.c.c; name = mz_strm_posix.c; path = ../mz_strm_posix.c; sourceTree = "<group>"; };
		D81CA9151F8600CA00417286 /* mz_strm_posix.h */ = {isa = PBXFileReference; fileEncoding = 4; lastKnownFileType = sourcecode.c.h; name = mz_strm_posix.h; path = ../mz_strm_posix.h; sourceTree = "<group>"; };
		D81CA9181F8600CA00417286 /* mz_strm_zlib.c */ = {isa = PBXFileReference; fileEncoding = 4; lastKnownFileType = sourcecode.c.c; name = mz_strm_zlib.c; path = ../mz_strm_zlib.c; sourceTree = "<group>"; };
		D81CA9191F8600CA00417286 /* mz_strm_zlib.h */ = {isa = PBXFileReference; fileEncoding = 4; lastKnownFileType = sourcecode.c.h; name = mz_strm_zlib.h; path = ../mz_strm_zlib.h; sourceTree = "<group>"; };
		D81CA91A1F8600CA00417286 /* mz_strm.c */ = {isa = PBXFileReference; fileEncoding = 4; lastKnownFileType = sourcecode.c.c; name = mz_strm.c; path = ../mz_strm.c; sourceTree = "<group>"; };
		D81CA91B1F8600CA00417286 /* mz_strm.h */ = {isa = PBXFileReference; fileEncoding = 4; lastKnownFileType = sourcecode.c.h; name = mz_strm.h; path = ../mz_strm.h; sourceTree = "<group>"; };
		D81CA91C1F8600CA00417286 /* mz_unzip.c */ = {isa = PBXFileReference; fileEncoding = 4; lastKnownFileType = sourcecode.c.c; name = mz_unzip.c; path = ../mz_unzip.c; sourceTree = "<group>"; };
		D81CA91D1F8600CA00417286 /* mz_unzip.h */ = {isa = PBXFileReference; fileEncoding = 4; lastKnownFileType = sourcecode.c.h; name = mz_unzip.h; path = ../mz_unzip.h; sourceTree = "<group>"; };
		D81CA91E1F8600CA00417286 /* mz_zip.c */ = {isa = PBXFileReference; fileEncoding = 4; lastKnownFileType = sourcecode.c.c; name = mz_zip.c; path = ../mz_zip.c; sourceTree = "<group>"; };
		D81CA91F1F8600CA00417286 /* mz_zip.h */ = {isa = PBXFileReference; fileEncoding = 4; lastKnownFileType = sourcecode.c.h; name = mz_zip.h; path = ../mz_zip.h; sourceTree = "<group>"; };
		D81CA9201F8600CA00417286 /* test.c */ = {isa = PBXFileReference; fileEncoding = 4; lastKnownFileType = sourcecode.c.c; name = test.c; path = ../test.c; sourceTree = "<group>"; };
		D81CA9211F8600CA00417286 /* test.h */ = {isa = PBXFileReference; fileEncoding = 4; lastKnownFileType = sourcecode.c.h; name = test.h; path = ../test.h; sourceTree = "<group>"; };
		D81CA93C1F8600E800417286 /* aes_ni.c */ = {isa = PBXFileReference; fileEncoding = 4; lastKnownFileType = sourcecode.c.c; path = aes_ni.c; sourceTree = "<group>"; };
		D81CA93D1F8600E800417286 /* aes_ni.h */ = {isa = PBXFileReference; fileEncoding = 4; lastKnownFileType = sourcecode.c.h; path = aes_ni.h; sourceTree = "<group>"; };
		D81CA93E1F8600E800417286 /* aes.h */ = {isa = PBXFileReference; fileEncoding = 4; lastKnownFileType = sourcecode.c.h; path = aes.h; sourceTree = "<group>"; };
		D81CA93F1F8600E800417286 /* aescrypt.c */ = {isa = PBXFileReference; fileEncoding = 4; lastKnownFileType = sourcecode.c.c; path = aescrypt.c; sourceTree = "<group>"; };
		D81CA9401F8600E800417286 /* aeskey.c */ = {isa = PBXFileReference; fileEncoding = 4; lastKnownFileType = sourcecode.c.c; path = aeskey.c; sourceTree = "<group>"; };
		D81CA9411F8600E800417286 /* aesopt.h */ = {isa = PBXFileReference; fileEncoding = 4; lastKnownFileType = sourcecode.c.h; path = aesopt.h; sourceTree = "<group>"; };
		D81CA9421F8600E800417286 /* aestab.c */ = {isa = PBXFileReference; fileEncoding = 4; lastKnownFileType = sourcecode.c.c; path = aestab.c; sourceTree = "<group>"; };
		D81CA9431F8600E800417286 /* aestab.h */ = {isa = PBXFileReference; fileEncoding = 4; lastKnownFileType = sourcecode.c.h; path = aestab.h; sourceTree = "<group>"; };
		D81CA9441F8600E800417286 /* brg_endian.h */ = {isa = PBXFileReference; fileEncoding = 4; lastKnownFileType = sourcecode.c.h; path = brg_endian.h; sourceTree = "<group>"; };
		D81CA9451F8600E800417286 /* brg_types.h */ = {isa = PBXFileReference; fileEncoding = 4; lastKnownFileType = sourcecode.c.h; path = brg_types.h; sourceTree = "<group>"; };
		D81CA9461F8600E800417286 /* fileenc.c */ = {isa = PBXFileReference; fileEncoding = 4; lastKnownFileType = sourcecode.c.c; path = fileenc.c; sourceTree = "<group>"; };
		D81CA9471F8600E800417286 /* fileenc.h */ = {isa = PBXFileReference; fileEncoding = 4; lastKnownFileType = sourcecode.c.h; path = fileenc.h; sourceTree = "<group>"; };
		D81CA9481F8600E800417286 /* hmac.c */ = {isa = PBXFileReference; fileEncoding = 4; lastKnownFileType = sourcecode.c.c; path = hmac.c; sourceTree = "<group>"; };
		D81CA9491F8600E800417286 /* hmac.h */ = {isa = PBXFileReference; fileEncoding = 4; lastKnownFileType = sourcecode.c.h; path = hmac.h; sourceTree = "<group>"; };
		D81CA94A1F8600E800417286 /* pwd2key.c */ = {isa = PBXFileReference; fileEncoding = 4; lastKnownFileType = sourcecode.c.c; path = pwd2key.c; sourceTree = "<group>"; };
		D81CA94B1F8600E800417286 /* pwd2key.h */ = {isa = PBXFileReference; fileEncoding = 4; lastKnownFileType = sourcecode.c.h; path = pwd2key.h; sourceTree = "<group>"; };
		D81CA94C1F8600E800417286 /* sha1.c */ = {isa = PBXFileReference; fileEncoding = 4; lastKnownFileType = sourcecode.c.c; path = sha1.c; sourceTree = "<group>"; };
		D81CA94D1F8600E800417286 /* sha1.h */ = {isa = PBXFileReference; fileEncoding = 4; lastKnownFileType = sourcecode.c.h; path = sha1.h; sourceTree = "<group>"; };
		D81CA9611F8600FB00417286 /* blocksort.c */ = {isa = PBXFileReference; fileEncoding = 4; lastKnownFileType = sourcecode.c.c; path = blocksort.c; sourceTree = "<group>"; };
		D81CA9621F8600FB00417286 /* bzlib_private.h */ = {isa = PBXFileReference; fileEncoding = 4; lastKnownFileType = sourcecode.c.h; path = bzlib_private.h; sourceTree = "<group>"; };
		D81CA9631F8600FB00417286 /* bzlib.c */ = {isa = PBXFileReference; fileEncoding = 4; lastKnownFileType = sourcecode.c.c; path = bzlib.c; sourceTree = "<group>"; };
		D81CA9641F8600FB00417286 /* bzlib.h */ = {isa = PBXFileReference; fileEncoding = 4; lastKnownFileType = sourcecode.c.h; path = bzlib.h; sourceTree = "<group>"; };
		D81CA9651F8600FB00417286 /* compress.c */ = {isa = PBXFileReference; fileEncoding = 4; lastKnownFileType = sourcecode.c.c; path = compress.c; sourceTree = "<group>"; };
		D81CA9661F8600FB00417286 /* crctable.c */ = {isa = PBXFileReference; fileEncoding = 4; lastKnownFileType = sourcecode.c.c; path = crctable.c; sourceTree = "<group>"; };
		D81CA9671F8600FB00417286 /* decompress.c */ = {isa = PBXFileReference; fileEncoding = 4; lastKnownFileType = sourcecode.c.c; path = decompress.c; sourceTree = "<group>"; };
		D81CA9681F8600FB00417286 /* huffman.c */ = {isa = PBXFileReference; fileEncoding = 4; lastKnownFileType = sourcecode.c.c; path = huffman.c; sourceTree = "<group>"; };
		D81CA9691F8600FB00417286 /* mk251.c */ = {isa = PBXFileReference; fileEncoding = 4; lastKnownFileType = sourcecode.c.c; path = mk251.c; sourceTree = "<group>"; };
		D81CA96A1F8600FB00417286 /* randtable.c */ = {isa = PBXFileReference; fileEncoding = 4; lastKnownFileType = sourcecode.c.c; path = randtable.c; sourceTree = "<group>"; };
		D81CA9A41F86055F00417286 /* libliblzma.a */ = {isa = PBXFileReference; explicitFileType = archive.ar; includeInIndex = 0; path = libliblzma.a; sourceTree = BUILT_PRODUCTS_DIR; };
		D81CA9BE1F8605F200417286 /* check.c */ = {isa = PBXFileReference; fileEncoding = 4; lastKnownFileType = sourcecode.c.c; path = check.c; sourceTree = "<group>"; };
		D81CA9BF1F8605F200417286 /* check.h */ = {isa = PBXFileReference; fileEncoding = 4; lastKnownFileType = sourcecode.c.h; path = check.h; sourceTree = "<group>"; };
		D81CA9C01F8605F200417286 /* crc_macros.h */ = {isa = PBXFileReference; fileEncoding = 4; lastKnownFileType = sourcecode.c.h; path = crc_macros.h; sourceTree = "<group>"; };
		D81CA9C11F8605F200417286 /* crc32_fast.c */ = {isa = PBXFileReference; fileEncoding = 4; lastKnownFileType = sourcecode.c.c; path = crc32_fast.c; sourceTree = "<group>"; };
		D81CA9C31F8605F200417286 /* crc32_table_be.h */ = {isa = PBXFileReference; fileEncoding = 4; lastKnownFileType = sourcecode.c.h; path = crc32_table_be.h; sourceTree = "<group>"; };
		D81CA9C41F8605F200417286 /* crc32_table_le.h */ = {isa = PBXFileReference; fileEncoding = 4; lastKnownFileType = sourcecode.c.h; path = crc32_table_le.h; sourceTree = "<group>"; };
		D81CA9C51F8605F200417286 /* crc32_table.c */ = {isa = PBXFileReference; fileEncoding = 4; lastKnownFileType = sourcecode.c.c; path = crc32_table.c; sourceTree = "<group>"; };
		D81CA9CF1F86060100417286 /* base.h */ = {isa = PBXFileReference; fileEncoding = 4; lastKnownFileType = sourcecode.c.h; path = base.h; sourceTree = "<group>"; };
		D81CA9D01F86060100417286 /* bcj.h */ = {isa = PBXFileReference; fileEncoding = 4; lastKnownFileType = sourcecode.c.h; path = bcj.h; sourceTree = "<group>"; };
		D81CA9D11F86060100417286 /* block.h */ = {isa = PBXFileReference; fileEncoding = 4; lastKnownFileType = sourcecode.c.h; path = block.h; sourceTree = "<group>"; };
		D81CA9D21F86060100417286 /* check.h */ = {isa = PBXFileReference; fileEncoding = 4; lastKnownFileType = sourcecode.c.h; path = check.h; sourceTree = "<group>"; };
		D81CA9D31F86060100417286 /* container.h */ = {isa = PBXFileReference; fileEncoding = 4; lastKnownFileType = sourcecode.c.h; path = container.h; sourceTree = "<group>"; };
		D81CA9D41F86060100417286 /* delta.h */ = {isa = PBXFileReference; fileEncoding = 4; lastKnownFileType = sourcecode.c.h; path = delta.h; sourceTree = "<group>"; };
		D81CA9D51F86060100417286 /* filter.h */ = {isa = PBXFileReference; fileEncoding = 4; lastKnownFileType = sourcecode.c.h; path = filter.h; sourceTree = "<group>"; };
		D81CA9D61F86060100417286 /* hardware.h */ = {isa = PBXFileReference; fileEncoding = 4; lastKnownFileType = sourcecode.c.h; path = hardware.h; sourceTree = "<group>"; };
		D81CA9D71F86060100417286 /* index_hash.h */ = {isa = PBXFileReference; fileEncoding = 4; lastKnownFileType = sourcecode.c.h; path = index_hash.h; sourceTree = "<group>"; };
		D81CA9D81F86060100417286 /* index.h */ = {isa = PBXFileReference; fileEncoding = 4; lastKnownFileType = sourcecode.c.h; path = index.h; sourceTree = "<group>"; };
		D81CA9D91F86060100417286 /* lzma12.h */ = {isa = PBXFileReference; fileEncoding = 4; lastKnownFileType = sourcecode.c.h; path = lzma12.h; sourceTree = "<group>"; };
		D81CA9DA1F86060100417286 /* stream_flags.h */ = {isa = PBXFileReference; fileEncoding = 4; lastKnownFileType = sourcecode.c.h; path = stream_flags.h; sourceTree = "<group>"; };
		D81CA9DB1F86060100417286 /* version.h */ = {isa = PBXFileReference; fileEncoding = 4; lastKnownFileType = sourcecode.c.h; path = version.h; sourceTree = "<group>"; };
		D81CA9DC1F86060100417286 /* vli.h */ = {isa = PBXFileReference; fileEncoding = 4; lastKnownFileType = sourcecode.c.h; path = vli.h; sourceTree = "<group>"; };
		D81CA9EB1F86060B00417286 /* lzma.h */ = {isa = PBXFileReference; fileEncoding = 4; lastKnownFileType = sourcecode.c.h; path = lzma.h; sourceTree = "<group>"; };
		D81CA9EE1F86062500417286 /* alone_decoder.c */ = {isa = PBXFileReference; fileEncoding = 4; lastKnownFileType = sourcecode.c.c; path = alone_decoder.c; sourceTree = "<group>"; };
		D81CA9EF1F86062500417286 /* alone_decoder.h */ = {isa = PBXFileReference; fileEncoding = 4; lastKnownFileType = sourcecode.c.h; path = alone_decoder.h; sourceTree = "<group>"; };
		D81CA9F01F86062500417286 /* alone_encoder.c */ = {isa = PBXFileReference; fileEncoding = 4; lastKnownFileType = sourcecode.c.c; path = alone_encoder.c; sourceTree = "<group>"; };
		D81CA9F11F86062500417286 /* auto_decoder.c */ = {isa = PBXFileReference; fileEncoding = 4; lastKnownFileType = sourcecode.c.c; path = auto_decoder.c; sourceTree = "<group>"; };
		D81CA9F21F86062500417286 /* block_buffer_decoder.c */ = {isa = PBXFileReference; fileEncoding = 4; lastKnownFileType = sourcecode.c.c; path = block_buffer_decoder.c; sourceTree = "<group>"; };
		D81CA9F31F86062500417286 /* block_buffer_encoder.c */ = {isa = PBXFileReference; fileEncoding = 4; lastKnownFileType = sourcecode.c.c; path = block_buffer_encoder.c; sourceTree = "<group>"; };
		D81CA9F41F86062500417286 /* block_buffer_encoder.h */ = {isa = PBXFileReference; fileEncoding = 4; lastKnownFileType = sourcecode.c.h; path = block_buffer_encoder.h; sourceTree = "<group>"; };
		D81CA9F51F86062500417286 /* block_decoder.c */ = {isa = PBXFileReference; fileEncoding = 4; lastKnownFileType = sourcecode.c.c; path = block_decoder.c; sourceTree = "<group>"; };
		D81CA9F61F86062500417286 /* block_decoder.h */ = {isa = PBXFileReference; fileEncoding = 4; lastKnownFileType = sourcecode.c.h; path = block_decoder.h; sourceTree = "<group>"; };
		D81CA9F71F86062500417286 /* block_encoder.c */ = {isa = PBXFileReference; fileEncoding = 4; lastKnownFileType = sourcecode.c.c; path = block_encoder.c; sourceTree = "<group>"; };
		D81CA9F81F86062500417286 /* block_encoder.h */ = {isa = PBXFileReference; fileEncoding = 4; lastKnownFileType = sourcecode.c.h; path = block_encoder.h; sourceTree = "<group>"; };
		D81CA9F91F86062500417286 /* block_header_decoder.c */ = {isa = PBXFileReference; fileEncoding = 4; lastKnownFileType = sourcecode.c.c; path = block_header_decoder.c; sourceTree = "<group>"; };
		D81CA9FA1F86062500417286 /* block_header_encoder.c */ = {isa = PBXFileReference; fileEncoding = 4; lastKnownFileType = sourcecode.c.c; path = block_header_encoder.c; sourceTree = "<group>"; };
		D81CA9FB1F86062500417286 /* block_util.c */ = {isa = PBXFileReference; fileEncoding = 4; lastKnownFileType = sourcecode.c.c; path = block_util.c; sourceTree = "<group>"; };
		D81CA9FC1F86062500417286 /* common.c */ = {isa = PBXFileReference; fileEncoding = 4; lastKnownFileType = sourcecode.c.c; path = common.c; sourceTree = "<group>"; };
		D81CA9FD1F86062500417286 /* common.h */ = {isa = PBXFileReference; fileEncoding = 4; lastKnownFileType = sourcecode.c.h; path = common.h; sourceTree = "<group>"; };
		D81CA9FE1F86062500417286 /* easy_buffer_encoder.c */ = {isa = PBXFileReference; fileEncoding = 4; lastKnownFileType = sourcecode.c.c; path = easy_buffer_encoder.c; sourceTree = "<group>"; };
		D81CA9FF1F86062500417286 /* easy_decoder_memusage.c */ = {isa = PBXFileReference; fileEncoding = 4; lastKnownFileType = sourcecode.c.c; path = easy_decoder_memusage.c; sourceTree = "<group>"; };
		D81CAA001F86062500417286 /* easy_encoder_memusage.c */ = {isa = PBXFileReference; fileEncoding = 4; lastKnownFileType = sourcecode.c.c; path = easy_encoder_memusage.c; sourceTree = "<group>"; };
		D81CAA011F86062500417286 /* easy_encoder.c */ = {isa = PBXFileReference; fileEncoding = 4; lastKnownFileType = sourcecode.c.c; path = easy_encoder.c; sourceTree = "<group>"; };
		D81CAA021F86062500417286 /* easy_preset.c */ = {isa = PBXFileReference; fileEncoding = 4; lastKnownFileType = sourcecode.c.c; path = easy_preset.c; sourceTree = "<group>"; };
		D81CAA031F86062500417286 /* easy_preset.h */ = {isa = PBXFileReference; fileEncoding = 4; lastKnownFileType = sourcecode.c.h; path = easy_preset.h; sourceTree = "<group>"; };
		D81CAA041F86062500417286 /* filter_buffer_decoder.c */ = {isa = PBXFileReference; fileEncoding = 4; lastKnownFileType = sourcecode.c.c; path = filter_buffer_decoder.c; sourceTree = "<group>"; };
		D81CAA051F86062500417286 /* filter_buffer_encoder.c */ = {isa = PBXFileReference; fileEncoding = 4; lastKnownFileType = sourcecode.c.c; path = filter_buffer_encoder.c; sourceTree = "<group>"; };
		D81CAA061F86062500417286 /* filter_common.c */ = {isa = PBXFileReference; fileEncoding = 4; lastKnownFileType = sourcecode.c.c; path = filter_common.c; sourceTree = "<group>"; };
		D81CAA071F86062500417286 /* filter_common.h */ = {isa = PBXFileReference; fileEncoding = 4; lastKnownFileType = sourcecode.c.h; path = filter_common.h; sourceTree = "<group>"; };
		D81CAA081F86062500417286 /* filter_decoder.c */ = {isa = PBXFileReference; fileEncoding = 4; lastKnownFileType = sourcecode.c.c; path = filter_decoder.c; sourceTree = "<group>"; };
		D81CAA091F86062500417286 /* filter_decoder.h */ = {isa = PBXFileReference; fileEncoding = 4; lastKnownFileType = sourcecode.c.h; path = filter_decoder.h; sourceTree = "<group>"; };
		D81CAA0A1F86062500417286 /* filter_encoder.c */ = {isa = PBXFileReference; fileEncoding = 4; lastKnownFileType = sourcecode.c.c; path = filter_encoder.c; sourceTree = "<group>"; };
		D81CAA0B1F86062500417286 /* filter_encoder.h */ = {isa = PBXFileReference; fileEncoding = 4; lastKnownFileType = sourcecode.c.h; path = filter_encoder.h; sourceTree = "<group>"; };
		D81CAA0C1F86062500417286 /* filter_flags_decoder.c */ = {isa = PBXFileReference; fileEncoding = 4; lastKnownFileType = sourcecode.c.c; path = filter_flags_decoder.c; sourceTree = "<group>"; };
		D81CAA0D1F86062500417286 /* filter_flags_encoder.c */ = {isa = PBXFileReference; fileEncoding = 4; lastKnownFileType = sourcecode.c.c; path = filter_flags_encoder.c; sourceTree = "<group>"; };
		D81CAA0E1F86062500417286 /* hardware_cputhreads.c */ = {isa = PBXFileReference; fileEncoding = 4; lastKnownFileType = sourcecode.c.c; path = hardware_cputhreads.c; sourceTree = "<group>"; };
		D81CAA0F1F86062500417286 /* hardware_physmem.c */ = {isa = PBXFileReference; fileEncoding = 4; lastKnownFileType = sourcecode.c.c; path = hardware_physmem.c; sourceTree = "<group>"; };
		D81CAA101F86062500417286 /* index_decoder.c */ = {isa = PBXFileReference; fileEncoding = 4; lastKnownFileType = sourcecode.c.c; path = index_decoder.c; sourceTree = "<group>"; };
		D81CAA111F86062500417286 /* index_encoder.c */ = {isa = PBXFileReference; fileEncoding = 4; lastKnownFileType = sourcecode.c.c; path = index_encoder.c; sourceTree = "<group>"; };
		D81CAA121F86062500417286 /* index_encoder.h */ = {isa = PBXFileReference; fileEncoding = 4; lastKnownFileType = sourcecode.c.h; path = index_encoder.h; sourceTree = "<group>"; };
		D81CAA131F86062500417286 /* index_hash.c */ = {isa = PBXFileReference; fileEncoding = 4; lastKnownFileType = sourcecode.c.c; path = index_hash.c; sourceTree = "<group>"; };
		D81CAA141F86062500417286 /* index.c */ = {isa = PBXFileReference; fileEncoding = 4; lastKnownFileType = sourcecode.c.c; path = index.c; sourceTree = "<group>"; };
		D81CAA151F86062500417286 /* index.h */ = {isa = PBXFileReference; fileEncoding = 4; lastKnownFileType = sourcecode.c.h; path = index.h; sourceTree = "<group>"; };
		D81CAA161F86062500417286 /* memcmplen.h */ = {isa = PBXFileReference; fileEncoding = 4; lastKnownFileType = sourcecode.c.h; path = memcmplen.h; sourceTree = "<group>"; };
		D81CAA171F86062500417286 /* mythread.h */ = {isa = PBXFileReference; fileEncoding = 4; lastKnownFileType = sourcecode.c.h; path = mythread.h; sourceTree = "<group>"; };
		D81CAA181F86062500417286 /* outqueue.c */ = {isa = PBXFileReference; fileEncoding = 4; lastKnownFileType = sourcecode.c.c; path = outqueue.c; sourceTree = "<group>"; };
		D81CAA191F86062500417286 /* outqueue.h */ = {isa = PBXFileReference; fileEncoding = 4; lastKnownFileType = sourcecode.c.h; path = outqueue.h; sourceTree = "<group>"; };
		D81CAA1A1F86062500417286 /* stream_buffer_decoder.c */ = {isa = PBXFileReference; fileEncoding = 4; lastKnownFileType = sourcecode.c.c; path = stream_buffer_decoder.c; sourceTree = "<group>"; };
		D81CAA1B1F86062500417286 /* stream_buffer_encoder.c */ = {isa = PBXFileReference; fileEncoding = 4; lastKnownFileType = sourcecode.c.c; path = stream_buffer_encoder.c; sourceTree = "<group>"; };
		D81CAA1C1F86062500417286 /* stream_decoder.c */ = {isa = PBXFileReference; fileEncoding = 4; lastKnownFileType = sourcecode.c.c; path = stream_decoder.c; sourceTree = "<group>"; };
		D81CAA1D1F86062500417286 /* stream_decoder.h */ = {isa = PBXFileReference; fileEncoding = 4; lastKnownFileType = sourcecode.c.h; path = stream_decoder.h; sourceTree = "<group>"; };
		D81CAA1E1F86062500417286 /* stream_encoder_mt.c */ = {isa = PBXFileReference; fileEncoding = 4; lastKnownFileType = sourcecode.c.c; path = stream_encoder_mt.c; sourceTree = "<group>"; };
		D81CAA1F1F86062500417286 /* stream_encoder.c */ = {isa = PBXFileReference; fileEncoding = 4; lastKnownFileType = sourcecode.c.c; path = stream_encoder.c; sourceTree = "<group>"; };
		D81CAA201F86062500417286 /* stream_flags_common.c */ = {isa = PBXFileReference; fileEncoding = 4; lastKnownFileType = sourcecode.c.c; path = stream_flags_common.c; sourceTree = "<group>"; };
		D81CAA211F86062500417286 /* stream_flags_common.h */ = {isa = PBXFileReference; fileEncoding = 4; lastKnownFileType = sourcecode.c.h; path = stream_flags_common.h; sourceTree = "<group>"; };
		D81CAA221F86062500417286 /* stream_flags_decoder.c */ = {isa = PBXFileReference; fileEncoding = 4; lastKnownFileType = sourcecode.c.c; path = stream_flags_decoder.c; sourceTree = "<group>"; };
		D81CAA231F86062500417286 /* stream_flags_encoder.c */ = {isa = PBXFileReference; fileEncoding = 4; lastKnownFileType = sourcecode.c.c; path = stream_flags_encoder.c; sourceTree = "<group>"; };
		D81CAA241F86062500417286 /* sysdefs.h */ = {isa = PBXFileReference; fileEncoding = 4; lastKnownFileType = sourcecode.c.h; path = sysdefs.h; sourceTree = "<group>"; };
		D81CAA251F86062500417286 /* tuklib_common.h */ = {isa = PBXFileReference; fileEncoding = 4; lastKnownFileType = sourcecode.c.h; path = tuklib_common.h; sourceTree = "<group>"; };
		D81CAA261F86062500417286 /* tuklib_config.h */ = {isa = PBXFileReference; fileEncoding = 4; lastKnownFileType = sourcecode.c.h; path = tuklib_config.h; sourceTree = "<group>"; };
		D81CAA271F86062500417286 /* tuklib_cpucores.c */ = {isa = PBXFileReference; fileEncoding = 4; lastKnownFileType = sourcecode.c.c; path = tuklib_cpucores.c; sourceTree = "<group>"; };
		D81CAA281F86062500417286 /* tuklib_cpucores.h */ = {isa = PBXFileReference; fileEncoding = 4; lastKnownFileType = sourcecode.c.h; path = tuklib_cpucores.h; sourceTree = "<group>"; };
		D81CAA291F86062500417286 /* tuklib_exit.c */ = {isa = PBXFileReference; fileEncoding = 4; lastKnownFileType = sourcecode.c.c; path = tuklib_exit.c; sourceTree = "<group>"; };
		D81CAA2A1F86062500417286 /* tuklib_exit.h */ = {isa = PBXFileReference; fileEncoding = 4; lastKnownFileType = sourcecode.c.h; path = tuklib_exit.h; sourceTree = "<group>"; };
		D81CAA2B1F86062500417286 /* tuklib_gettext.h */ = {isa = PBXFileReference; fileEncoding = 4; lastKnownFileType = sourcecode.c.h; path = tuklib_gettext.h; sourceTree = "<group>"; };
		D81CAA2C1F86062500417286 /* tuklib_integer.h */ = {isa = PBXFileReference; fileEncoding = 4; lastKnownFileType = sourcecode.c.h; path = tuklib_integer.h; sourceTree = "<group>"; };
		D81CAA2D1F86062500417286 /* tuklib_mbstr_fw.c */ = {isa = PBXFileReference; fileEncoding = 4; lastKnownFileType = sourcecode.c.c; path = tuklib_mbstr_fw.c; sourceTree = "<group>"; };
		D81CAA2E1F86062500417286 /* tuklib_mbstr_width.c */ = {isa = PBXFileReference; fileEncoding = 4; lastKnownFileType = sourcecode.c.c; path = tuklib_mbstr_width.c; sourceTree = "<group>"; };
		D81CAA2F1F86062500417286 /* tuklib_mbstr.h */ = {isa = PBXFileReference; fileEncoding = 4; lastKnownFileType = sourcecode.c.h; path = tuklib_mbstr.h; sourceTree = "<group>"; };
		D81CAA301F86062500417286 /* tuklib_open_stdxxx.c */ = {isa = PBXFileReference; fileEncoding = 4; lastKnownFileType = sourcecode.c.c; path = tuklib_open_stdxxx.c; sourceTree = "<group>"; };
		D81CAA311F86062500417286 /* tuklib_open_stdxxx.h */ = {isa = PBXFileReference; fileEncoding = 4; lastKnownFileType = sourcecode.c.h; path = tuklib_open_stdxxx.h; sourceTree = "<group>"; };
		D81CAA321F86062500417286 /* tuklib_physmem.c */ = {isa = PBXFileReference; fileEncoding = 4; lastKnownFileType = sourcecode.c.c; path = tuklib_physmem.c; sourceTree = "<group>"; };
		D81CAA331F86062500417286 /* tuklib_physmem.h */ = {isa = PBXFileReference; fileEncoding = 4; lastKnownFileType = sourcecode.c.h; path = tuklib_physmem.h; sourceTree = "<group>"; };
		D81CAA341F86062500417286 /* tuklib_progname.c */ = {isa = PBXFileReference; fileEncoding = 4; lastKnownFileType = sourcecode.c.c; path = tuklib_progname.c; sourceTree = "<group>"; };
		D81CAA351F86062500417286 /* tuklib_progname.h */ = {isa = PBXFileReference; fileEncoding = 4; lastKnownFileType = sourcecode.c.h; path = tuklib_progname.h; sourceTree = "<group>"; };
		D81CAA361F86062500417286 /* vli_decoder.c */ = {isa = PBXFileReference; fileEncoding = 4; lastKnownFileType = sourcecode.c.c; path = vli_decoder.c; sourceTree = "<group>"; };
		D81CAA371F86062500417286 /* vli_encoder.c */ = {isa = PBXFileReference; fileEncoding = 4; lastKnownFileType = sourcecode.c.c; path = vli_encoder.c; sourceTree = "<group>"; };
		D81CAA381F86062500417286 /* vli_size.c */ = {isa = PBXFileReference; fileEncoding = 4; lastKnownFileType = sourcecode.c.c; path = vli_size.c; sourceTree = "<group>"; };
		D81CAA871F86064000417286 /* lz_decoder.c */ = {isa = PBXFileReference; fileEncoding = 4; lastKnownFileType = sourcecode.c.c; path = lz_decoder.c; sourceTree = "<group>"; };
		D81CAA881F86064000417286 /* lz_decoder.h */ = {isa = PBXFileReference; fileEncoding = 4; lastKnownFileType = sourcecode.c.h; path = lz_decoder.h; sourceTree = "<group>"; };
		D81CAA891F86064000417286 /* lz_encoder_hash_table.h */ = {isa = PBXFileReference; fileEncoding = 4; lastKnownFileType = sourcecode.c.h; path = lz_encoder_hash_table.h; sourceTree = "<group>"; };
		D81CAA8A1F86064000417286 /* lz_encoder_hash.h */ = {isa = PBXFileReference; fileEncoding = 4; lastKnownFileType = sourcecode.c.h; path = lz_encoder_hash.h; sourceTree = "<group>"; };
		D81CAA8B1F86064000417286 /* lz_encoder_mf.c */ = {isa = PBXFileReference; fileEncoding = 4; lastKnownFileType = sourcecode.c.c; path = lz_encoder_mf.c; sourceTree = "<group>"; };
		D81CAA8C1F86064000417286 /* lz_encoder.c */ = {isa = PBXFileReference; fileEncoding = 4; lastKnownFileType = sourcecode.c.c; path = lz_encoder.c; sourceTree = "<group>"; };
		D81CAA8D1F86064000417286 /* lz_encoder.h */ = {isa = PBXFileReference; fileEncoding = 4; lastKnownFileType = sourcecode.c.h; path = lz_encoder.h; sourceTree = "<group>"; };
		D81CAA951F86064B00417286 /* fastpos_table.c */ = {isa = PBXFileReference; fileEncoding = 4; lastKnownFileType = sourcecode.c.c; path = fastpos_table.c; sourceTree = "<group>"; };
		D81CAA961F86064B00417286 /* fastpos.h */ = {isa = PBXFileReference; fileEncoding = 4; lastKnownFileType = sourcecode.c.h; path = fastpos.h; sourceTree = "<group>"; };
		D81CAA971F86064B00417286 /* lzma_common.h */ = {isa = PBXFileReference; fileEncoding = 4; lastKnownFileType = sourcecode.c.h; path = lzma_common.h; sourceTree = "<group>"; };
		D81CAA981F86064B00417286 /* lzma_decoder.c */ = {isa = PBXFileReference; fileEncoding = 4; lastKnownFileType = sourcecode.c.c; path = lzma_decoder.c; sourceTree = "<group>"; };
		D81CAA991F86064B00417286 /* lzma_decoder.h */ = {isa = PBXFileReference; fileEncoding = 4; lastKnownFileType = sourcecode.c.h; path = lzma_decoder.h; sourceTree = "<group>"; };
		D81CAA9A1F86064B00417286 /* lzma_encoder_optimum_fast.c */ = {isa = PBXFileReference; fileEncoding = 4; lastKnownFileType = sourcecode.c.c; path = lzma_encoder_optimum_fast.c; sourceTree = "<group>"; };
		D81CAA9B1F86064B00417286 /* lzma_encoder_optimum_normal.c */ = {isa = PBXFileReference; fileEncoding = 4; lastKnownFileType = sourcecode.c.c; path = lzma_encoder_optimum_normal.c; sourceTree = "<group>"; };
		D81CAA9C1F86064B00417286 /* lzma_encoder_presets.c */ = {isa = PBXFileReference; fileEncoding = 4; lastKnownFileType = sourcecode.c.c; path = lzma_encoder_presets.c; sourceTree = "<group>"; };
		D81CAA9D1F86064B00417286 /* lzma_encoder_private.h */ = {isa = PBXFileReference; fileEncoding = 4; lastKnownFileType = sourcecode.c.h; path = lzma_encoder_private.h; sourceTree = "<group>"; };
		D81CAA9E1F86064B00417286 /* lzma_encoder.c */ = {isa = PBXFileReference; fileEncoding = 4; lastKnownFileType = sourcecode.c.c; path = lzma_encoder.c; sourceTree = "<group>"; };
		D81CAA9F1F86064B00417286 /* lzma_encoder.h */ = {isa = PBXFileReference; fileEncoding = 4; lastKnownFileType = sourcecode.c.h; path = lzma_encoder.h; sourceTree = "<group>"; };
		D81CAAA01F86064B00417286 /* lzma2_encoder.h */ = {isa = PBXFileReference; fileEncoding = 4; lastKnownFileType = sourcecode.c.h; path = lzma2_encoder.h; sourceTree = "<group>"; };
		D81CAAAD1F86066300417286 /* price_table.c */ = {isa = PBXFileReference; fileEncoding = 4; lastKnownFileType = sourcecode.c.c; path = price_table.c; sourceTree = "<group>"; };
		D81CAAAE1F86066300417286 /* price_tablegen.c */ = {isa = PBXFileReference; fileEncoding = 4; lastKnownFileType = sourcecode.c.c; path = price_tablegen.c; sourceTree = "<group>"; };
		D81CAAAF1F86066300417286 /* price.h */ = {isa = PBXFileReference; fileEncoding = 4; lastKnownFileType = sourcecode.c.h; path = price.h; sourceTree = "<group>"; };
		D81CAAB01F86066300417286 /* range_common.h */ = {isa = PBXFileReference; fileEncoding = 4; lastKnownFileType = sourcecode.c.h; path = range_common.h; sourceTree = "<group>"; };
		D81CAAB11F86066300417286 /* range_decoder.h */ = {isa = PBXFileReference; fileEncoding = 4; lastKnownFileType = sourcecode.c.h; path = range_decoder.h; sourceTree = "<group>"; };
		D81CAAB21F86066300417286 /* range_encoder.h */ = {isa = PBXFileReference; fileEncoding = 4; lastKnownFileType = sourcecode.c.h; path = range_encoder.h; sourceTree = "<group>"; };
		D81CAAB91F8607B500417286 /* config.h */ = {isa = PBXFileReference; fileEncoding = 4; lastKnownFileType = sourcecode.c.h; path = config.h; sourceTree = "<group>"; };
/* End PBXFileReference section */

/* Begin PBXFrameworksBuildPhase section */
		6938179F1E90DEA40045C821 /* Frameworks */ = {
			isa = PBXFrameworksBuildPhase;
			buildActionMask = 2147483647;
			files = (
			);
			runOnlyForDeploymentPostprocessing = 0;
		};
		693817AD1E90DF490045C821 /* Frameworks */ = {
			isa = PBXFrameworksBuildPhase;
			buildActionMask = 2147483647;
			files = (
				D81CAABB1F860D2800417286 /* libliblzma.a in Frameworks */,
				6938183A1E90E2AF0045C821 /* liblibminizip.a in Frameworks */,
				6938182F1E90E0F70045C821 /* libz.tbd in Frameworks */,
			);
			runOnlyForDeploymentPostprocessing = 0;
		};
		693817B81E90DF550045C821 /* Frameworks */ = {
			isa = PBXFrameworksBuildPhase;
			buildActionMask = 2147483647;
			files = (
				D81CAABC1F860D2F00417286 /* libliblzma.a in Frameworks */,
				693818351E90E1930045C821 /* liblibminizip.a in Frameworks */,
				693818301E90E0FE0045C821 /* libz.tbd in Frameworks */,
			);
			runOnlyForDeploymentPostprocessing = 0;
		};
		D81CA9A11F86055F00417286 /* Frameworks */ = {
			isa = PBXFrameworksBuildPhase;
			buildActionMask = 2147483647;
			files = (
			);
			runOnlyForDeploymentPostprocessing = 0;
		};
/* End PBXFrameworksBuildPhase section */

/* Begin PBXGroup section */
		693817991E90DEA40045C821 = {
			isa = PBXGroup;
			children = (
				3753D62F1F6CE7E900F946A2 /* Minizip.podspec */,
				693817C21E90DF6C0045C821 /* AES */,
				D81CA9601F8600EB00417286 /* BZIP2 */,
				D81CA9971F86052900417286 /* LZMA */,
				693817A91E90DEC90045C821 /* libminizip */,
				693817BC1E90DF560045C821 /* miniunz */,
				693817B11E90DF490045C821 /* minizip */,
				693817A31E90DEA40045C821 /* Products */,
				6938182D1E90E0F70045C821 /* Frameworks */,
			);
			sourceTree = "<group>";
		};
		693817A31E90DEA40045C821 /* Products */ = {
			isa = PBXGroup;
			children = (
				693817A21E90DEA40045C821 /* liblibminizip.a */,
				693817B01E90DF490045C821 /* minizip */,
				693817BB1E90DF550045C821 /* miniunz */,
				D81CA9A41F86055F00417286 /* libliblzma.a */,
			);
			name = Products;
			sourceTree = "<group>";
		};
		693817A91E90DEC90045C821 /* libminizip */ = {
			isa = PBXGroup;
			children = (
				D81CA9081F8600CA00417286 /* mz_strm_aes.c */,
				D81CA9091F8600CA00417286 /* mz_strm_aes.h */,
				D81CA90A1F8600CA00417286 /* mz_strm_buf.c */,
				D81CA90B1F8600CA00417286 /* mz_strm_buf.h */,
				D81CA90C1F8600CA00417286 /* mz_strm_bzip.c */,
				D81CA90D1F8600CA00417286 /* mz_strm_bzip.h */,
				D81CA90E1F8600CA00417286 /* mz_strm_crypt.c */,
				D81CA90F1F8600CA00417286 /* mz_strm_crypt.h */,
				D81CA9101F8600CA00417286 /* mz_strm_lzma.c */,
				D81CA9111F8600CA00417286 /* mz_strm_lzma.h */,
				D81CA9121F8600CA00417286 /* mz_strm_mem.c */,
				D81CA9131F8600CA00417286 /* mz_strm_mem.h */,
				D81CA9141F8600CA00417286 /* mz_strm_posix.c */,
				D81CA9151F8600CA00417286 /* mz_strm_posix.h */,
				D81CA9181F8600CA00417286 /* mz_strm_zlib.c */,
				D81CA9191F8600CA00417286 /* mz_strm_zlib.h */,
				D81CA91A1F8600CA00417286 /* mz_strm.c */,
				D81CA91B1F8600CA00417286 /* mz_strm.h */,
				D81CA91C1F8600CA00417286 /* mz_unzip.c */,
				D81CA91D1F8600CA00417286 /* mz_unzip.h */,
				D81CA91E1F8600CA00417286 /* mz_zip.c */,
				D81CA91F1F8600CA00417286 /* mz_zip.h */,
				D81CA9201F8600CA00417286 /* test.c */,
				D81CA9211F8600CA00417286 /* test.h */,
			);
			name = libminizip;
			sourceTree = "<group>";
		};
		693817B11E90DF490045C821 /* minizip */ = {
			isa = PBXGroup;
			children = (
				6938182B1E90E0560045C821 /* minizip.c */,
			);
			name = minizip;
			sourceTree = "<group>";
		};
		693817BC1E90DF560045C821 /* miniunz */ = {
			isa = PBXGroup;
			children = (
				693818291E90E04A0045C821 /* miniunz.c */,
			);
			name = miniunz;
			sourceTree = "<group>";
		};
		693817C21E90DF6C0045C821 /* AES */ = {
			isa = PBXGroup;
			children = (
				D81CA93C1F8600E800417286 /* aes_ni.c */,
				D81CA93D1F8600E800417286 /* aes_ni.h */,
				D81CA93E1F8600E800417286 /* aes.h */,
				D81CA93F1F8600E800417286 /* aescrypt.c */,
				D81CA9401F8600E800417286 /* aeskey.c */,
				D81CA9411F8600E800417286 /* aesopt.h */,
				D81CA9421F8600E800417286 /* aestab.c */,
				D81CA9431F8600E800417286 /* aestab.h */,
				D81CA9441F8600E800417286 /* brg_endian.h */,
				D81CA9451F8600E800417286 /* brg_types.h */,
				D81CA9461F8600E800417286 /* fileenc.c */,
				D81CA9471F8600E800417286 /* fileenc.h */,
				D81CA9481F8600E800417286 /* hmac.c */,
				D81CA9491F8600E800417286 /* hmac.h */,
				D81CA94A1F8600E800417286 /* pwd2key.c */,
				D81CA94B1F8600E800417286 /* pwd2key.h */,
				D81CA94C1F8600E800417286 /* sha1.c */,
				D81CA94D1F8600E800417286 /* sha1.h */,
			);
			name = AES;
			path = ../lib/aes;
			sourceTree = "<group>";
		};
		6938182D1E90E0F70045C821 /* Frameworks */ = {
			isa = PBXGroup;
			children = (
				6938182E1E90E0F70045C821 /* libz.tbd */,
			);
			name = Frameworks;
			sourceTree = "<group>";
		};
		D81CA9601F8600EB00417286 /* BZIP2 */ = {
			isa = PBXGroup;
			children = (
				D81CA9611F8600FB00417286 /* blocksort.c */,
				D81CA9621F8600FB00417286 /* bzlib_private.h */,
				D81CA9631F8600FB00417286 /* bzlib.c */,
				D81CA9641F8600FB00417286 /* bzlib.h */,
				D81CA9651F8600FB00417286 /* compress.c */,
				D81CA9661F8600FB00417286 /* crctable.c */,
				D81CA9671F8600FB00417286 /* decompress.c */,
				D81CA9681F8600FB00417286 /* huffman.c */,
				D81CA9691F8600FB00417286 /* mk251.c */,
				D81CA96A1F8600FB00417286 /* randtable.c */,
			);
			name = BZIP2;
			path = ../lib/bzip2;
			sourceTree = "<group>";
		};
		D81CA9971F86052900417286 /* LZMA */ = {
			isa = PBXGroup;
			children = (
				D81CAAB91F8607B500417286 /* config.h */,
				D81CAA861F86063800417286 /* RangeCoder */,
				D81CAA851F86063300417286 /* LZMA */,
				D81CAA841F86062F00417286 /* LZ */,
				D81CA9ED1F86061700417286 /* Common */,
				D81CA9B71F8605B900417286 /* Check */,
				D81CA9B61F8605AF00417286 /* API */,
			);
			name = LZMA;
			path = ../lib/liblzma;
			sourceTree = "<group>";
		};
		D81CA9B61F8605AF00417286 /* API */ = {
			isa = PBXGroup;
			children = (
				D81CA9EB1F86060B00417286 /* lzma.h */,
				D81CA9CE1F8605F900417286 /* LZMA */,
			);
			name = API;
			path = api;
			sourceTree = "<group>";
		};
		D81CA9B71F8605B900417286 /* Check */ = {
			isa = PBXGroup;
			children = (
				D81CA9BE1F8605F200417286 /* check.c */,
				D81CA9BF1F8605F200417286 /* check.h */,
				D81CA9C01F8605F200417286 /* crc_macros.h */,
				D81CA9C11F8605F200417286 /* crc32_fast.c */,
				D81CA9C31F8605F200417286 /* crc32_table_be.h */,
				D81CA9C41F8605F200417286 /* crc32_table_le.h */,
				D81CA9C51F8605F200417286 /* crc32_table.c */,
			);
			name = Check;
			path = check;
			sourceTree = "<group>";
		};
		D81CA9CE1F8605F900417286 /* LZMA */ = {
			isa = PBXGroup;
			children = (
				D81CA9CF1F86060100417286 /* base.h */,
				D81CA9D01F86060100417286 /* bcj.h */,
				D81CA9D11F86060100417286 /* block.h */,
				D81CA9D21F86060100417286 /* check.h */,
				D81CA9D31F86060100417286 /* container.h */,
				D81CA9D41F86060100417286 /* delta.h */,
				D81CA9D51F86060100417286 /* filter.h */,
				D81CA9D61F86060100417286 /* hardware.h */,
				D81CA9D71F86060100417286 /* index_hash.h */,
				D81CA9D81F86060100417286 /* index.h */,
				D81CA9D91F86060100417286 /* lzma12.h */,
				D81CA9DA1F86060100417286 /* stream_flags.h */,
				D81CA9DB1F86060100417286 /* version.h */,
				D81CA9DC1F86060100417286 /* vli.h */,
			);
			name = LZMA;
			path = lzma;
			sourceTree = "<group>";
		};
		D81CA9ED1F86061700417286 /* Common */ = {
			isa = PBXGroup;
			children = (
				D81CA9EE1F86062500417286 /* alone_decoder.c */,
				D81CA9EF1F86062500417286 /* alone_decoder.h */,
				D81CA9F01F86062500417286 /* alone_encoder.c */,
				D81CA9F11F86062500417286 /* auto_decoder.c */,
				D81CA9F21F86062500417286 /* block_buffer_decoder.c */,
				D81CA9F31F86062500417286 /* block_buffer_encoder.c */,
				D81CA9F41F86062500417286 /* block_buffer_encoder.h */,
				D81CA9F51F86062500417286 /* block_decoder.c */,
				D81CA9F61F86062500417286 /* block_decoder.h */,
				D81CA9F71F86062500417286 /* block_encoder.c */,
				D81CA9F81F86062500417286 /* block_encoder.h */,
				D81CA9F91F86062500417286 /* block_header_decoder.c */,
				D81CA9FA1F86062500417286 /* block_header_encoder.c */,
				D81CA9FB1F86062500417286 /* block_util.c */,
				D81CA9FC1F86062500417286 /* common.c */,
				D81CA9FD1F86062500417286 /* common.h */,
				D81CA9FE1F86062500417286 /* easy_buffer_encoder.c */,
				D81CA9FF1F86062500417286 /* easy_decoder_memusage.c */,
				D81CAA001F86062500417286 /* easy_encoder_memusage.c */,
				D81CAA011F86062500417286 /* easy_encoder.c */,
				D81CAA021F86062500417286 /* easy_preset.c */,
				D81CAA031F86062500417286 /* easy_preset.h */,
				D81CAA041F86062500417286 /* filter_buffer_decoder.c */,
				D81CAA051F86062500417286 /* filter_buffer_encoder.c */,
				D81CAA061F86062500417286 /* filter_common.c */,
				D81CAA071F86062500417286 /* filter_common.h */,
				D81CAA081F86062500417286 /* filter_decoder.c */,
				D81CAA091F86062500417286 /* filter_decoder.h */,
				D81CAA0A1F86062500417286 /* filter_encoder.c */,
				D81CAA0B1F86062500417286 /* filter_encoder.h */,
				D81CAA0C1F86062500417286 /* filter_flags_decoder.c */,
				D81CAA0D1F86062500417286 /* filter_flags_encoder.c */,
				D81CAA0E1F86062500417286 /* hardware_cputhreads.c */,
				D81CAA0F1F86062500417286 /* hardware_physmem.c */,
				D81CAA101F86062500417286 /* index_decoder.c */,
				D81CAA111F86062500417286 /* index_encoder.c */,
				D81CAA121F86062500417286 /* index_encoder.h */,
				D81CAA131F86062500417286 /* index_hash.c */,
				D81CAA141F86062500417286 /* index.c */,
				D81CAA151F86062500417286 /* index.h */,
				D81CAA161F86062500417286 /* memcmplen.h */,
				D81CAA171F86062500417286 /* mythread.h */,
				D81CAA181F86062500417286 /* outqueue.c */,
				D81CAA191F86062500417286 /* outqueue.h */,
				D81CAA1A1F86062500417286 /* stream_buffer_decoder.c */,
				D81CAA1B1F86062500417286 /* stream_buffer_encoder.c */,
				D81CAA1C1F86062500417286 /* stream_decoder.c */,
				D81CAA1D1F86062500417286 /* stream_decoder.h */,
				D81CAA1E1F86062500417286 /* stream_encoder_mt.c */,
				D81CAA1F1F86062500417286 /* stream_encoder.c */,
				D81CAA201F86062500417286 /* stream_flags_common.c */,
				D81CAA211F86062500417286 /* stream_flags_common.h */,
				D81CAA221F86062500417286 /* stream_flags_decoder.c */,
				D81CAA231F86062500417286 /* stream_flags_encoder.c */,
				D81CAA241F86062500417286 /* sysdefs.h */,
				D81CAA251F86062500417286 /* tuklib_common.h */,
				D81CAA261F86062500417286 /* tuklib_config.h */,
				D81CAA271F86062500417286 /* tuklib_cpucores.c */,
				D81CAA281F86062500417286 /* tuklib_cpucores.h */,
				D81CAA291F86062500417286 /* tuklib_exit.c */,
				D81CAA2A1F86062500417286 /* tuklib_exit.h */,
				D81CAA2B1F86062500417286 /* tuklib_gettext.h */,
				D81CAA2C1F86062500417286 /* tuklib_integer.h */,
				D81CAA2D1F86062500417286 /* tuklib_mbstr_fw.c */,
				D81CAA2E1F86062500417286 /* tuklib_mbstr_width.c */,
				D81CAA2F1F86062500417286 /* tuklib_mbstr.h */,
				D81CAA301F86062500417286 /* tuklib_open_stdxxx.c */,
				D81CAA311F86062500417286 /* tuklib_open_stdxxx.h */,
				D81CAA321F86062500417286 /* tuklib_physmem.c */,
				D81CAA331F86062500417286 /* tuklib_physmem.h */,
				D81CAA341F86062500417286 /* tuklib_progname.c */,
				D81CAA351F86062500417286 /* tuklib_progname.h */,
				D81CAA361F86062500417286 /* vli_decoder.c */,
				D81CAA371F86062500417286 /* vli_encoder.c */,
				D81CAA381F86062500417286 /* vli_size.c */,
			);
			name = Common;
			path = common;
			sourceTree = "<group>";
		};
		D81CAA841F86062F00417286 /* LZ */ = {
			isa = PBXGroup;
			children = (
				D81CAA871F86064000417286 /* lz_decoder.c */,
				D81CAA881F86064000417286 /* lz_decoder.h */,
				D81CAA891F86064000417286 /* lz_encoder_hash_table.h */,
				D81CAA8A1F86064000417286 /* lz_encoder_hash.h */,
				D81CAA8B1F86064000417286 /* lz_encoder_mf.c */,
				D81CAA8C1F86064000417286 /* lz_encoder.c */,
				D81CAA8D1F86064000417286 /* lz_encoder.h */,
			);
			name = LZ;
			path = lz;
			sourceTree = "<group>";
		};
		D81CAA851F86063300417286 /* LZMA */ = {
			isa = PBXGroup;
			children = (
				D81CAA951F86064B00417286 /* fastpos_table.c */,
				D81CAA961F86064B00417286 /* fastpos.h */,
				D81CAA971F86064B00417286 /* lzma_common.h */,
				D81CAA981F86064B00417286 /* lzma_decoder.c */,
				D81CAA991F86064B00417286 /* lzma_decoder.h */,
				D81CAA9A1F86064B00417286 /* lzma_encoder_optimum_fast.c */,
				D81CAA9B1F86064B00417286 /* lzma_encoder_optimum_normal.c */,
				D81CAA9C1F86064B00417286 /* lzma_encoder_presets.c */,
				D81CAA9D1F86064B00417286 /* lzma_encoder_private.h */,
				D81CAA9E1F86064B00417286 /* lzma_encoder.c */,
				D81CAA9F1F86064B00417286 /* lzma_encoder.h */,
				D81CAAA01F86064B00417286 /* lzma2_encoder.h */,
			);
			name = LZMA;
			path = lzma;
			sourceTree = "<group>";
		};
		D81CAA861F86063800417286 /* RangeCoder */ = {
			isa = PBXGroup;
			children = (
				D81CAAAD1F86066300417286 /* price_table.c */,
				D81CAAAE1F86066300417286 /* price_tablegen.c */,
				D81CAAAF1F86066300417286 /* price.h */,
				D81CAAB01F86066300417286 /* range_common.h */,
				D81CAAB11F86066300417286 /* range_decoder.h */,
				D81CAAB21F86066300417286 /* range_encoder.h */,
			);
			name = RangeCoder;
			path = rangecoder;
			sourceTree = "<group>";
		};
/* End PBXGroup section */

/* Begin PBXHeadersBuildPhase section */
		693817A01E90DEA40045C821 /* Headers */ = {
			isa = PBXHeadersBuildPhase;
			buildActionMask = 2147483647;
			files = (
				D81CA9331F8600CA00417286 /* mz_strm_zlib.h in Headers */,
				D81CA9551F8600E800417286 /* aestab.h in Headers */,
				D81CA9251F8600CA00417286 /* mz_strm_buf.h in Headers */,
				D81CA95D1F8600E800417286 /* pwd2key.h in Headers */,
				D81CA93B1F8600CA00417286 /* test.h in Headers */,
				D81CA95B1F8600E800417286 /* hmac.h in Headers */,
				D81CA9501F8600E800417286 /* aes.h in Headers */,
				D81CA92B1F8600CA00417286 /* mz_strm_lzma.h in Headers */,
				D81CA9371F8600CA00417286 /* mz_unzip.h in Headers */,
				D81CA92F1F8600CA00417286 /* mz_strm_posix.h in Headers */,
				D81CA9271F8600CA00417286 /* mz_strm_bzip.h in Headers */,
				D81CA9391F8600CA00417286 /* mz_zip.h in Headers */,
				D81CA92D1F8600CA00417286 /* mz_strm_mem.h in Headers */,
				D81CA9531F8600E800417286 /* aesopt.h in Headers */,
				D81CA9591F8600E800417286 /* fileenc.h in Headers */,
				D81CA9231F8600CA00417286 /* mz_strm_aes.h in Headers */,
				D81CA94F1F8600E800417286 /* aes_ni.h in Headers */,
				D81CA96C1F8600FB00417286 /* bzlib_private.h in Headers */,
				D81CA9571F8600E800417286 /* brg_types.h in Headers */,
				D81CA9291F8600CA00417286 /* mz_strm_crypt.h in Headers */,
				D81CA9351F8600CA00417286 /* mz_strm.h in Headers */,
				D81CA95F1F8600E800417286 /* sha1.h in Headers */,
				D81CA96E1F8600FB00417286 /* bzlib.h in Headers */,
				D81CA9561F8600E800417286 /* brg_endian.h in Headers */,
			);
			runOnlyForDeploymentPostprocessing = 0;
		};
		D81CA9A21F86055F00417286 /* Headers */ = {
			isa = PBXHeadersBuildPhase;
			buildActionMask = 2147483647;
			files = (
				D81CA9DE1F86060100417286 /* bcj.h in Headers */,
				D81CAAA91F86064B00417286 /* lzma_encoder_private.h in Headers */,
				D81CAAAC1F86064B00417286 /* lzma2_encoder.h in Headers */,
				D81CAA711F86062500417286 /* tuklib_config.h in Headers */,
				D81CAA701F86062500417286 /* tuklib_common.h in Headers */,
				D81CAA521F86062500417286 /* filter_common.h in Headers */,
				D81CA9EC1F86060B00417286 /* lzma.h in Headers */,
				D81CA9DF1F86060100417286 /* block.h in Headers */,
				D81CAA6C1F86062500417286 /* stream_flags_common.h in Headers */,
				D81CAA611F86062500417286 /* memcmplen.h in Headers */,
				D81CAA761F86062500417286 /* tuklib_gettext.h in Headers */,
				D81CA9E51F86060100417286 /* index_hash.h in Headers */,
				D81CA9E41F86060100417286 /* hardware.h in Headers */,
				D81CAAB81F86066300417286 /* range_encoder.h in Headers */,
				D81CA9E91F86060100417286 /* version.h in Headers */,
				D81CA9DD1F86060100417286 /* base.h in Headers */,
				D81CAA481F86062500417286 /* common.h in Headers */,
				D81CAA7A1F86062500417286 /* tuklib_mbstr.h in Headers */,
				D81CA9E61F86060100417286 /* index.h in Headers */,
				D81CA9E21F86060100417286 /* delta.h in Headers */,
				D81CAA541F86062500417286 /* filter_decoder.h in Headers */,
				D81CAA411F86062500417286 /* block_decoder.h in Headers */,
				D81CAA911F86064000417286 /* lz_encoder_hash.h in Headers */,
				D81CAA731F86062500417286 /* tuklib_cpucores.h in Headers */,
				D81CA9E01F86060100417286 /* check.h in Headers */,
				D81CAA771F86062500417286 /* tuklib_integer.h in Headers */,
				D81CA9C81F8605F200417286 /* crc_macros.h in Headers */,
				D81CAA7E1F86062500417286 /* tuklib_physmem.h in Headers */,
				D81CAA801F86062500417286 /* tuklib_progname.h in Headers */,
				D81CAA561F86062500417286 /* filter_encoder.h in Headers */,
				D81CAA941F86064000417286 /* lz_encoder.h in Headers */,
				D81CA9E31F86060100417286 /* filter.h in Headers */,
				D81CAAB71F86066300417286 /* range_decoder.h in Headers */,
				D81CA9CB1F8605F200417286 /* crc32_table_be.h in Headers */,
				D81CAAA21F86064B00417286 /* fastpos.h in Headers */,
				D81CAA901F86064000417286 /* lz_encoder_hash_table.h in Headers */,
				D81CAA5D1F86062500417286 /* index_encoder.h in Headers */,
				D81CA9EA1F86060100417286 /* vli.h in Headers */,
				D81CAA7C1F86062500417286 /* tuklib_open_stdxxx.h in Headers */,
				D81CAAB61F86066300417286 /* range_common.h in Headers */,
				D81CA9E11F86060100417286 /* container.h in Headers */,
				D81CAAAB1F86064B00417286 /* lzma_encoder.h in Headers */,
				D81CAA601F86062500417286 /* index.h in Headers */,
				D81CA9E81F86060100417286 /* stream_flags.h in Headers */,
				D81CAA3F1F86062500417286 /* block_buffer_encoder.h in Headers */,
				D81CAA641F86062500417286 /* outqueue.h in Headers */,
				D81CAA8F1F86064000417286 /* lz_decoder.h in Headers */,
				D81CAAA51F86064B00417286 /* lzma_decoder.h in Headers */,
				D81CAA431F86062500417286 /* block_encoder.h in Headers */,
				D81CAA751F86062500417286 /* tuklib_exit.h in Headers */,
				D81CAA6F1F86062500417286 /* sysdefs.h in Headers */,
				D81CAABA1F8607B500417286 /* config.h in Headers */,
				D81CAA681F86062500417286 /* stream_decoder.h in Headers */,
				D81CAA4E1F86062500417286 /* easy_preset.h in Headers */,
				D81CA9CC1F8605F200417286 /* crc32_table_le.h in Headers */,
				D81CAA3A1F86062500417286 /* alone_decoder.h in Headers */,
				D81CA9C71F8605F200417286 /* check.h in Headers */,
				D81CAA621F86062500417286 /* mythread.h in Headers */,
				D81CAAB51F86066300417286 /* price.h in Headers */,
				D81CA9E71F86060100417286 /* lzma12.h in Headers */,
				D81CAAA31F86064B00417286 /* lzma_common.h in Headers */,
			);
			runOnlyForDeploymentPostprocessing = 0;
		};
/* End PBXHeadersBuildPhase section */

/* Begin PBXNativeTarget section */
		693817A11E90DEA40045C821 /* libminizip */ = {
			isa = PBXNativeTarget;
			buildConfigurationList = 693817A61E90DEA40045C821 /* Build configuration list for PBXNativeTarget "libminizip" */;
			buildPhases = (
				6938179E1E90DEA40045C821 /* Sources */,
				6938179F1E90DEA40045C821 /* Frameworks */,
				693817A01E90DEA40045C821 /* Headers */,
			);
			buildRules = (
			);
			dependencies = (
			);
			name = libminizip;
			productName = minizip;
			productReference = 693817A21E90DEA40045C821 /* liblibminizip.a */;
			productType = "com.apple.product-type.library.static";
		};
		693817AF1E90DF490045C821 /* minizip */ = {
			isa = PBXNativeTarget;
			buildConfigurationList = 693817B41E90DF490045C821 /* Build configuration list for PBXNativeTarget "minizip" */;
			buildPhases = (
				693817AC1E90DF490045C821 /* Sources */,
				693817AD1E90DF490045C821 /* Frameworks */,
				693817AE1E90DF490045C821 /* CopyFiles */,
			);
			buildRules = (
			);
			dependencies = (
				693818371E90E19D0045C821 /* PBXTargetDependency */,
			);
			name = minizip;
			productName = minizip;
			productReference = 693817B01E90DF490045C821 /* minizip */;
			productType = "com.apple.product-type.tool";
		};
		693817BA1E90DF550045C821 /* miniunz */ = {
			isa = PBXNativeTarget;
			buildConfigurationList = 693817BF1E90DF560045C821 /* Build configuration list for PBXNativeTarget "miniunz" */;
			buildPhases = (
				693817B71E90DF550045C821 /* Sources */,
				693817B81E90DF550045C821 /* Frameworks */,
				693817B91E90DF550045C821 /* CopyFiles */,
			);
			buildRules = (
			);
			dependencies = (
				693818341E90E18F0045C821 /* PBXTargetDependency */,
			);
			name = miniunz;
			productName = miniunz;
			productReference = 693817BB1E90DF550045C821 /* miniunz */;
			productType = "com.apple.product-type.tool";
		};
		D81CA9A31F86055F00417286 /* liblzma */ = {
			isa = PBXNativeTarget;
			buildConfigurationList = D81CA9A51F86055F00417286 /* Build configuration list for PBXNativeTarget "liblzma" */;
			buildPhases = (
				D81CA9A01F86055F00417286 /* Sources */,
				D81CA9A11F86055F00417286 /* Frameworks */,
				D81CA9A21F86055F00417286 /* Headers */,
			);
			buildRules = (
			);
			dependencies = (
			);
			name = liblzma;
			productName = liblzma;
			productReference = D81CA9A41F86055F00417286 /* libliblzma.a */;
			productType = "com.apple.product-type.library.static";
		};
/* End PBXNativeTarget section */

/* Begin PBXProject section */
		6938179A1E90DEA40045C821 /* Project object */ = {
			isa = PBXProject;
			attributes = {
				LastUpgradeCheck = 0820;
				ORGANIZATIONNAME = "Gabriel Gritsch Software Development";
				TargetAttributes = {
					693817A11E90DEA40045C821 = {
						CreatedOnToolsVersion = 8.2.1;
						ProvisioningStyle = Automatic;
					};
					693817AF1E90DF490045C821 = {
						CreatedOnToolsVersion = 8.2.1;
						ProvisioningStyle = Automatic;
					};
					693817BA1E90DF550045C821 = {
						CreatedOnToolsVersion = 8.2.1;
						ProvisioningStyle = Automatic;
					};
					D81CA9A31F86055F00417286 = {
						CreatedOnToolsVersion = 8.3.3;
						ProvisioningStyle = Automatic;
					};
				};
			};
			buildConfigurationList = 6938179D1E90DEA40045C821 /* Build configuration list for PBXProject "minizip" */;
			compatibilityVersion = "Xcode 3.2";
			developmentRegion = English;
			hasScannedForEncodings = 0;
			knownRegions = (
				en,
			);
			mainGroup = 693817991E90DEA40045C821;
			productRefGroup = 693817A31E90DEA40045C821 /* Products */;
			projectDirPath = "";
			projectRoot = "";
			targets = (
				693817A11E90DEA40045C821 /* libminizip */,
				D81CA9A31F86055F00417286 /* liblzma */,
				693817BA1E90DF550045C821 /* miniunz */,
				693817AF1E90DF490045C821 /* minizip */,
			);
		};
/* End PBXProject section */

/* Begin PBXSourcesBuildPhase section */
		6938179E1E90DEA40045C821 /* Sources */ = {
			isa = PBXSourcesBuildPhase;
			buildActionMask = 2147483647;
			files = (
				D81CA94E1F8600E800417286 /* aes_ni.c in Sources */,
				D81CA9721F8600FB00417286 /* huffman.c in Sources */,
				D81CA93A1F8600CA00417286 /* test.c in Sources */,
				D81CA9361F8600CA00417286 /* mz_unzip.c in Sources */,
				D81CA9341F8600CA00417286 /* mz_strm.c in Sources */,
				D81CA9281F8600CA00417286 /* mz_strm_crypt.c in Sources */,
				D81CA9381F8600CA00417286 /* mz_zip.c in Sources */,
				D81CA9221F8600CA00417286 /* mz_strm_aes.c in Sources */,
				D81CA96F1F8600FB00417286 /* compress.c in Sources */,
				D81CA96B1F8600FB00417286 /* blocksort.c in Sources */,
				D81CA92C1F8600CA00417286 /* mz_strm_mem.c in Sources */,
				D81CA9541F8600E800417286 /* aestab.c in Sources */,
				D81CA9321F8600CA00417286 /* mz_strm_zlib.c in Sources */,
				D81CA96D1F8600FB00417286 /* bzlib.c in Sources */,
				D81CA9711F8600FB00417286 /* decompress.c in Sources */,
				D81CA9241F8600CA00417286 /* mz_strm_buf.c in Sources */,
				D81CA95A1F8600E800417286 /* hmac.c in Sources */,
				D81CA9701F8600FB00417286 /* crctable.c in Sources */,
				D81CA9581F8600E800417286 /* fileenc.c in Sources */,
				D81CA9521F8600E800417286 /* aeskey.c in Sources */,
				D81CA92A1F8600CA00417286 /* mz_strm_lzma.c in Sources */,
				D81CA95C1F8600E800417286 /* pwd2key.c in Sources */,
				D81CA92E1F8600CA00417286 /* mz_strm_posix.c in Sources */,
				D81CA9741F8600FB00417286 /* randtable.c in Sources */,
				D81CA9731F8600FB00417286 /* mk251.c in Sources */,
				D81CA95E1F8600E800417286 /* sha1.c in Sources */,
				D81CA9511F8600E800417286 /* aescrypt.c in Sources */,
				D81CA9261F8600CA00417286 /* mz_strm_bzip.c in Sources */,
			);
			runOnlyForDeploymentPostprocessing = 0;
		};
		693817AC1E90DF490045C821 /* Sources */ = {
			isa = PBXSourcesBuildPhase;
			buildActionMask = 2147483647;
			files = (
				6938182C1E90E0560045C821 /* minizip.c in Sources */,
			);
			runOnlyForDeploymentPostprocessing = 0;
		};
		693817B71E90DF550045C821 /* Sources */ = {
			isa = PBXSourcesBuildPhase;
			buildActionMask = 2147483647;
			files = (
				6938182A1E90E04B0045C821 /* miniunz.c in Sources */,
			);
			runOnlyForDeploymentPostprocessing = 0;
		};
		D81CA9A01F86055F00417286 /* Sources */ = {
			isa = PBXSourcesBuildPhase;
			buildActionMask = 2147483647;
			files = (
				D81CAAAA1F86064B00417286 /* lzma_encoder.c in Sources */,
				D81CAA4A1F86062500417286 /* easy_decoder_memusage.c in Sources */,
				D81CAA491F86062500417286 /* easy_buffer_encoder.c in Sources */,
				D81CA9C61F8605F200417286 /* check.c in Sources */,
				D81CAAB31F86066300417286 /* price_table.c in Sources */,
				D81CAA3B1F86062500417286 /* alone_encoder.c in Sources */,
				D81CAA821F86062500417286 /* vli_encoder.c in Sources */,
				D81CAA661F86062500417286 /* stream_buffer_encoder.c in Sources */,
				D81CAA7F1F86062500417286 /* tuklib_progname.c in Sources */,
				D81CAA4F1F86062500417286 /* filter_buffer_decoder.c in Sources */,
				D81CAA471F86062500417286 /* common.c in Sources */,
				D81CAA3E1F86062500417286 /* block_buffer_encoder.c in Sources */,
				D81CAA721F86062500417286 /* tuklib_cpucores.c in Sources */,
				D81CAA4D1F86062500417286 /* easy_preset.c in Sources */,
				D81CAA5B1F86062500417286 /* index_decoder.c in Sources */,
				D81CAA551F86062500417286 /* filter_encoder.c in Sources */,
				D81CA9CD1F8605F200417286 /* crc32_table.c in Sources */,
				D81CAA461F86062500417286 /* block_util.c in Sources */,
				D81CAA811F86062500417286 /* vli_decoder.c in Sources */,
				D81CAA6B1F86062500417286 /* stream_flags_common.c in Sources */,
				D81CAA591F86062500417286 /* hardware_cputhreads.c in Sources */,
				D81CAAB41F86066300417286 /* price_tablegen.c in Sources */,
				D81CAA4C1F86062500417286 /* easy_encoder.c in Sources */,
				D81CAA921F86064000417286 /* lz_encoder_mf.c in Sources */,
				D81CAA5F1F86062500417286 /* index.c in Sources */,
				D81CAAA41F86064B00417286 /* lzma_decoder.c in Sources */,
				D81CAA391F86062500417286 /* alone_decoder.c in Sources */,
				D81CAA4B1F86062500417286 /* easy_encoder_memusage.c in Sources */,
				D81CAA501F86062500417286 /* filter_buffer_encoder.c in Sources */,
				D81CAA581F86062500417286 /* filter_flags_encoder.c in Sources */,
				D81CAA7D1F86062500417286 /* tuklib_physmem.c in Sources */,
				D81CAA5E1F86062500417286 /* index_hash.c in Sources */,
				D81CAA571F86062500417286 /* filter_flags_decoder.c in Sources */,
				D81CAA421F86062500417286 /* block_encoder.c in Sources */,
				D81CAA8E1F86064000417286 /* lz_decoder.c in Sources */,
				D81CAA781F86062500417286 /* tuklib_mbstr_fw.c in Sources */,
				D81CAAA81F86064B00417286 /* lzma_encoder_presets.c in Sources */,
				D81CAA631F86062500417286 /* outqueue.c in Sources */,
				D81CAAA61F86064B00417286 /* lzma_encoder_optimum_fast.c in Sources */,
				D81CAA531F86062500417286 /* filter_decoder.c in Sources */,
				D81CAA451F86062500417286 /* block_header_encoder.c in Sources */,
				D81CAA791F86062500417286 /* tuklib_mbstr_width.c in Sources */,
				D81CAA5C1F86062500417286 /* index_encoder.c in Sources */,
				D81CAA6A1F86062500417286 /* stream_encoder.c in Sources */,
				D81CAA741F86062500417286 /* tuklib_exit.c in Sources */,
				D81CAA3D1F86062500417286 /* block_buffer_decoder.c in Sources */,
				D81CAA7B1F86062500417286 /* tuklib_open_stdxxx.c in Sources */,
				D81CAAA11F86064B00417286 /* fastpos_table.c in Sources */,
				D81CAA831F86062500417286 /* vli_size.c in Sources */,
				D81CAA3C1F86062500417286 /* auto_decoder.c in Sources */,
				D81CAAA71F86064B00417286 /* lzma_encoder_optimum_normal.c in Sources */,
				D81CA9C91F8605F200417286 /* crc32_fast.c in Sources */,
				D81CAA6E1F86062500417286 /* stream_flags_encoder.c in Sources */,
				D81CAA441F86062500417286 /* block_header_decoder.c in Sources */,
				D81CAA671F86062500417286 /* stream_decoder.c in Sources */,
				D81CAA401F86062500417286 /* block_decoder.c in Sources */,
				D81CAA511F86062500417286 /* filter_common.c in Sources */,
				D81CAA931F86064000417286 /* lz_encoder.c in Sources */,
				D81CAA691F86062500417286 /* stream_encoder_mt.c in Sources */,
				D81CAA651F86062500417286 /* stream_buffer_decoder.c in Sources */,
				D81CAA6D1F86062500417286 /* stream_flags_decoder.c in Sources */,
				D81CAA5A1F86062500417286 /* hardware_physmem.c in Sources */,
			);
			runOnlyForDeploymentPostprocessing = 0;
		};
/* End PBXSourcesBuildPhase section */

/* Begin PBXTargetDependency section */
		693818341E90E18F0045C821 /* PBXTargetDependency */ = {
			isa = PBXTargetDependency;
			target = 693817A11E90DEA40045C821 /* libminizip */;
			targetProxy = 693818331E90E18F0045C821 /* PBXContainerItemProxy */;
		};
		693818371E90E19D0045C821 /* PBXTargetDependency */ = {
			isa = PBXTargetDependency;
			target = 693817A11E90DEA40045C821 /* libminizip */;
			targetProxy = 693818361E90E19D0045C821 /* PBXContainerItemProxy */;
		};
/* End PBXTargetDependency section */

/* Begin XCBuildConfiguration section */
		693817A41E90DEA40045C821 /* Debug */ = {
			isa = XCBuildConfiguration;
			buildSettings = {
				ALWAYS_SEARCH_USER_PATHS = NO;
				CLANG_ANALYZER_NONNULL = YES;
				CLANG_ANALYZER_SECURITY_FLOATLOOPCOUNTER = YES;
				CLANG_ANALYZER_SECURITY_INSECUREAPI_STRCPY = YES;
				CLANG_CXX_LANGUAGE_STANDARD = "gnu++0x";
				CLANG_CXX_LIBRARY = "libc++";
				CLANG_ENABLE_MODULES = YES;
				CLANG_ENABLE_OBJC_ARC = YES;
				CLANG_WARN_BOOL_CONVERSION = YES;
				CLANG_WARN_CONSTANT_CONVERSION = YES;
				CLANG_WARN_DIRECT_OBJC_ISA_USAGE = YES_ERROR;
				CLANG_WARN_DOCUMENTATION_COMMENTS = YES;
				CLANG_WARN_EMPTY_BODY = YES;
				CLANG_WARN_ENUM_CONVERSION = YES;
				CLANG_WARN_INFINITE_RECURSION = YES;
				CLANG_WARN_INT_CONVERSION = YES;
				CLANG_WARN_OBJC_ROOT_CLASS = YES_ERROR;
				CLANG_WARN_SUSPICIOUS_MOVE = YES;
				CLANG_WARN_UNREACHABLE_CODE = YES_AGGRESSIVE;
				CLANG_WARN__DUPLICATE_METHOD_MATCH = YES;
				CODE_SIGN_IDENTITY = "-";
				COPY_PHASE_STRIP = NO;
				DEBUG_INFORMATION_FORMAT = dwarf;
				ENABLE_STRICT_OBJC_MSGSEND = YES;
				ENABLE_TESTABILITY = YES;
				GCC_C_LANGUAGE_STANDARD = gnu99;
				GCC_DYNAMIC_NO_PIC = NO;
				GCC_NO_COMMON_BLOCKS = YES;
				GCC_OPTIMIZATION_LEVEL = 0;
				GCC_PREPROCESSOR_DEFINITIONS = (
					"DEBUG=1",
					"$(inherited)",
				);
				GCC_WARN_64_TO_32_BIT_CONVERSION = YES;
				GCC_WARN_ABOUT_RETURN_TYPE = YES_ERROR;
				GCC_WARN_FOUR_CHARACTER_CONSTANTS = YES;
				GCC_WARN_UNDECLARED_SELECTOR = YES;
				GCC_WARN_UNINITIALIZED_AUTOS = YES_AGGRESSIVE;
				GCC_WARN_UNUSED_FUNCTION = YES;
				GCC_WARN_UNUSED_LABEL = YES;
				GCC_WARN_UNUSED_VARIABLE = YES;
				MACOSX_DEPLOYMENT_TARGET = 10.11;
				MTL_ENABLE_DEBUG_INFO = YES;
				ONLY_ACTIVE_ARCH = YES;
				SDKROOT = macosx;
			};
			name = Debug;
		};
		693817A51E90DEA40045C821 /* Release */ = {
			isa = XCBuildConfiguration;
			buildSettings = {
				ALWAYS_SEARCH_USER_PATHS = NO;
				CLANG_ANALYZER_NONNULL = YES;
				CLANG_ANALYZER_SECURITY_FLOATLOOPCOUNTER = YES;
				CLANG_ANALYZER_SECURITY_INSECUREAPI_STRCPY = YES;
				CLANG_CXX_LANGUAGE_STANDARD = "gnu++0x";
				CLANG_CXX_LIBRARY = "libc++";
				CLANG_ENABLE_MODULES = YES;
				CLANG_ENABLE_OBJC_ARC = YES;
				CLANG_WARN_BOOL_CONVERSION = YES;
				CLANG_WARN_CONSTANT_CONVERSION = YES;
				CLANG_WARN_DIRECT_OBJC_ISA_USAGE = YES_ERROR;
				CLANG_WARN_DOCUMENTATION_COMMENTS = YES;
				CLANG_WARN_EMPTY_BODY = YES;
				CLANG_WARN_ENUM_CONVERSION = YES;
				CLANG_WARN_INFINITE_RECURSION = YES;
				CLANG_WARN_INT_CONVERSION = YES;
				CLANG_WARN_OBJC_ROOT_CLASS = YES_ERROR;
				CLANG_WARN_SUSPICIOUS_MOVE = YES;
				CLANG_WARN_UNREACHABLE_CODE = YES_AGGRESSIVE;
				CLANG_WARN__DUPLICATE_METHOD_MATCH = YES;
				CODE_SIGN_IDENTITY = "-";
				COPY_PHASE_STRIP = NO;
				DEBUG_INFORMATION_FORMAT = "dwarf-with-dsym";
				ENABLE_NS_ASSERTIONS = NO;
				ENABLE_STRICT_OBJC_MSGSEND = YES;
				GCC_C_LANGUAGE_STANDARD = gnu99;
				GCC_NO_COMMON_BLOCKS = YES;
				GCC_WARN_64_TO_32_BIT_CONVERSION = YES;
				GCC_WARN_ABOUT_RETURN_TYPE = YES_ERROR;
				GCC_WARN_FOUR_CHARACTER_CONSTANTS = YES;
				GCC_WARN_UNDECLARED_SELECTOR = YES;
				GCC_WARN_UNINITIALIZED_AUTOS = YES_AGGRESSIVE;
				GCC_WARN_UNUSED_FUNCTION = YES;
				GCC_WARN_UNUSED_LABEL = YES;
				GCC_WARN_UNUSED_VARIABLE = YES;
				MACOSX_DEPLOYMENT_TARGET = 10.11;
				MTL_ENABLE_DEBUG_INFO = NO;
				SDKROOT = macosx;
			};
			name = Release;
		};
		693817A71E90DEA40045C821 /* Debug */ = {
			isa = XCBuildConfiguration;
			buildSettings = {
				EXECUTABLE_PREFIX = lib;
				GCC_PREPROCESSOR_DEFINITIONS = (
					"DEBUG=1",
					"$(inherited)",
					BZ_NO_STDIO,
					HAVE_BZIP2,
					HAVE_AES,
					HAVE_LZMA,
				);
				GCC_WARN_UNUSED_FUNCTION = NO;
				HEADER_SEARCH_PATHS = (
					../,
					../lib,
					../lib/aes,
					../lib/bzip2,
					../lib/liblzma/api,
				);
				OTHER_CFLAGS = "-DHAVE_AES";
				PRODUCT_NAME = "$(TARGET_NAME)";
			};
			name = Debug;
		};
		693817A81E90DEA40045C821 /* Release */ = {
			isa = XCBuildConfiguration;
			buildSettings = {
				EXECUTABLE_PREFIX = lib;
				GCC_PREPROCESSOR_DEFINITIONS = (
					BZ_NO_STDIO,
					HAVE_LZMA,
					HAVE_AES,
					HAVE_BZIP2,
				);
				GCC_WARN_UNUSED_FUNCTION = NO;
				HEADER_SEARCH_PATHS = (
					../,
					../lib,
					../lib/aes,
					../lib/bzip2,
					../lib/liblzma/api,
				);
				OTHER_CFLAGS = "-DHAVE_AES";
				PRODUCT_NAME = "$(TARGET_NAME)";
			};
			name = Release;
		};
		693817B51E90DF490045C821 /* Debug */ = {
			isa = XCBuildConfiguration;
			buildSettings = {
				PRODUCT_NAME = "$(TARGET_NAME)";
			};
			name = Debug;
		};
		693817B61E90DF490045C821 /* Release */ = {
			isa = XCBuildConfiguration;
			buildSettings = {
				PRODUCT_NAME = "$(TARGET_NAME)";
			};
			name = Release;
		};
		693817C01E90DF560045C821 /* Debug */ = {
			isa = XCBuildConfiguration;
			buildSettings = {
				PRODUCT_NAME = "$(TARGET_NAME)";
			};
			name = Debug;
		};
		693817C11E90DF560045C821 /* Release */ = {
			isa = XCBuildConfiguration;
			buildSettings = {
				PRODUCT_NAME = "$(TARGET_NAME)";
			};
			name = Release;
		};
		D81CA9A61F86055F00417286 /* Debug */ = {
			isa = XCBuildConfiguration;
			buildSettings = {
				CLANG_ANALYZER_NUMBER_OBJECT_CONVERSION = YES_AGGRESSIVE;
				CLANG_WARN_UNREACHABLE_CODE = YES;
				EXECUTABLE_PREFIX = lib;
				GCC_PREPROCESSOR_DEFINITIONS = (
					LZMA_API_STATIC,
					HAVE_CONFIG_H,
					MYTHREAD_POSIX,
					"DEBUG=1",
					"$(inherited)",
				);
				HEADER_SEARCH_PATHS = (
					../,
					../lib/liblzma,
					../lib/liblzma/check,
					../lib/liblzma/api,
					../lib/liblzma/lz,
					../lib/liblzma/lzma,
					../lib/liblzma/rangecoder,
				);
				MACOSX_DEPLOYMENT_TARGET = 10.12;
				PRODUCT_NAME = "$(TARGET_NAME)";
			};
			name = Debug;
		};
		D81CA9A71F86055F00417286 /* Release */ = {
			isa = XCBuildConfiguration;
			buildSettings = {
				CLANG_ANALYZER_NUMBER_OBJECT_CONVERSION = YES_AGGRESSIVE;
				CLANG_WARN_UNREACHABLE_CODE = YES;
				EXECUTABLE_PREFIX = lib;
				GCC_PREPROCESSOR_DEFINITIONS = (
					LZMA_API_STATIC,
					MYTHREAD_POSIX,
					HAVE_CONFIG_H,
				);
				HEADER_SEARCH_PATHS = (
					../,
					../lib/liblzma,
					../lib/liblzma/check,
					../lib/liblzma/api,
					../lib/liblzma/lz,
					../lib/liblzma/lzma,
					../lib/liblzma/rangecoder,
				);
				MACOSX_DEPLOYMENT_TARGET = 10.12;
				PRODUCT_NAME = "$(TARGET_NAME)";
			};
			name = Release;
		};
/* End XCBuildConfiguration section */

/* Begin XCConfigurationList section */
		6938179D1E90DEA40045C821 /* Build configuration list for PBXProject "minizip" */ = {
			isa = XCConfigurationList;
			buildConfigurations = (
				693817A41E90DEA40045C821 /* Debug */,
				693817A51E90DEA40045C821 /* Release */,
			);
			defaultConfigurationIsVisible = 0;
			defaultConfigurationName = Release;
		};
		693817A61E90DEA40045C821 /* Build configuration list for PBXNativeTarget "libminizip" */ = {
			isa = XCConfigurationList;
			buildConfigurations = (
				693817A71E90DEA40045C821 /* Debug */,
				693817A81E90DEA40045C821 /* Release */,
			);
			defaultConfigurationIsVisible = 0;
			defaultConfigurationName = Release;
		};
		693817B41E90DF490045C821 /* Build configuration list for PBXNativeTarget "minizip" */ = {
			isa = XCConfigurationList;
			buildConfigurations = (
				693817B51E90DF490045C821 /* Debug */,
				693817B61E90DF490045C821 /* Release */,
			);
			defaultConfigurationIsVisible = 0;
			defaultConfigurationName = Release;
		};
		693817BF1E90DF560045C821 /* Build configuration list for PBXNativeTarget "miniunz" */ = {
			isa = XCConfigurationList;
			buildConfigurations = (
				693817C01E90DF560045C821 /* Debug */,
				693817C11E90DF560045C821 /* Release */,
			);
			defaultConfigurationIsVisible = 0;
			defaultConfigurationName = Release;
		};
		D81CA9A51F86055F00417286 /* Build configuration list for PBXNativeTarget "liblzma" */ = {
			isa = XCConfigurationList;
			buildConfigurations = (
				D81CA9A61F86055F00417286 /* Debug */,
				D81CA9A71F86055F00417286 /* Release */,
			);
			defaultConfigurationIsVisible = 0;
			defaultConfigurationName = Release;
		};
/* End XCConfigurationList section */
	};
	rootObject = 6938179A1E90DEA40045C821 /* Project object */;
}
